
Microsoft Visual Studio Solution File, Format Version 12.00
# Visual Studio 14
VisualStudioVersion = 14.0.25420.1
MinimumVisualStudioVersion = 10.0.40219.1
Project("{FAE04EC0-301F-11D3-BF4B-00C04F79EFBC}") = "Challenge03.Droid", "Challenge03\Challenge03.Droid\Challenge03.Droid.csproj", "{6DC08BAF-8FB2-4EA2-8A5E-401F1A372D36}"
EndProject
Project("{FAE04EC0-301F-11D3-BF4B-00C04F79EFBC}") = "Challenge03.iOS", "Challenge03\Challenge03.iOS\Challenge03.iOS.csproj", "{855278AA-E73A-43D7-814D-DFDA19180EF2}"
EndProject
Project("{FAE04EC0-301F-11D3-BF4B-00C04F79EFBC}") = "Challenge03.WinPhone", "Challenge03\Challenge03.WinPhone\Challenge03.WinPhone.csproj", "{86F98DEC-493D-4F1F-AAEA-DF575BE99DE7}"
EndProject
Project("{FAE04EC0-301F-11D3-BF4B-00C04F79EFBC}") = "Challenge03.Windows", "Challenge03\Challenge03.Windows\Challenge03.Windows.csproj", "{84E3A89D-6348-46AF-AAC6-6913C8B5435E}"
EndProject
Project("{FAE04EC0-301F-11D3-BF4B-00C04F79EFBC}") = "Challenge03", "Challenge03\Challenge03\Challenge03.csproj", "{A5D45BBE-3FEB-48C2-852C-E867B2B514CF}"
EndProject
Global
	GlobalSection(SolutionConfigurationPlatforms) = preSolution
		Ad-Hoc|Any CPU = Ad-Hoc|Any CPU
		Ad-Hoc|ARM = Ad-Hoc|ARM
		Ad-Hoc|iPhone = Ad-Hoc|iPhone
		Ad-Hoc|iPhoneSimulator = Ad-Hoc|iPhoneSimulator
		Ad-Hoc|x64 = Ad-Hoc|x64
		Ad-Hoc|x86 = Ad-Hoc|x86
		AppStore|Any CPU = AppStore|Any CPU
		AppStore|ARM = AppStore|ARM
		AppStore|iPhone = AppStore|iPhone
		AppStore|iPhoneSimulator = AppStore|iPhoneSimulator
		AppStore|x64 = AppStore|x64
		AppStore|x86 = AppStore|x86
		Debug|Any CPU = Debug|Any CPU
		Debug|ARM = Debug|ARM
		Debug|iPhone = Debug|iPhone
		Debug|iPhoneSimulator = Debug|iPhoneSimulator
		Debug|x64 = Debug|x64
		Debug|x86 = Debug|x86
		Release|Any CPU = Release|Any CPU
		Release|ARM = Release|ARM
		Release|iPhone = Release|iPhone
		Release|iPhoneSimulator = Release|iPhoneSimulator
		Release|x64 = Release|x64
		Release|x86 = Release|x86
	EndGlobalSection
	GlobalSection(ProjectConfigurationPlatforms) = postSolution
		{6DC08BAF-8FB2-4EA2-8A5E-401F1A372D36}.Ad-Hoc|Any CPU.ActiveCfg = Release|Any CPU
		{6DC08BAF-8FB2-4EA2-8A5E-401F1A372D36}.Ad-Hoc|Any CPU.Build.0 = Release|Any CPU
		{6DC08BAF-8FB2-4EA2-8A5E-401F1A372D36}.Ad-Hoc|Any CPU.Deploy.0 = Release|Any CPU
		{6DC08BAF-8FB2-4EA2-8A5E-401F1A372D36}.Ad-Hoc|ARM.ActiveCfg = Release|Any CPU
		{6DC08BAF-8FB2-4EA2-8A5E-401F1A372D36}.Ad-Hoc|ARM.Build.0 = Release|Any CPU
		{6DC08BAF-8FB2-4EA2-8A5E-401F1A372D36}.Ad-Hoc|ARM.Deploy.0 = Release|Any CPU
		{6DC08BAF-8FB2-4EA2-8A5E-401F1A372D36}.Ad-Hoc|iPhone.ActiveCfg = Release|Any CPU
		{6DC08BAF-8FB2-4EA2-8A5E-401F1A372D36}.Ad-Hoc|iPhone.Build.0 = Release|Any CPU
		{6DC08BAF-8FB2-4EA2-8A5E-401F1A372D36}.Ad-Hoc|iPhone.Deploy.0 = Release|Any CPU
		{6DC08BAF-8FB2-4EA2-8A5E-401F1A372D36}.Ad-Hoc|iPhoneSimulator.ActiveCfg = Release|Any CPU
		{6DC08BAF-8FB2-4EA2-8A5E-401F1A372D36}.Ad-Hoc|iPhoneSimulator.Build.0 = Release|Any CPU
		{6DC08BAF-8FB2-4EA2-8A5E-401F1A372D36}.Ad-Hoc|iPhoneSimulator.Deploy.0 = Release|Any CPU
		{6DC08BAF-8FB2-4EA2-8A5E-401F1A372D36}.Ad-Hoc|x64.ActiveCfg = Release|Any CPU
		{6DC08BAF-8FB2-4EA2-8A5E-401F1A372D36}.Ad-Hoc|x64.Build.0 = Release|Any CPU
		{6DC08BAF-8FB2-4EA2-8A5E-401F1A372D36}.Ad-Hoc|x64.Deploy.0 = Release|Any CPU
		{6DC08BAF-8FB2-4EA2-8A5E-401F1A372D36}.Ad-Hoc|x86.ActiveCfg = Release|Any CPU
		{6DC08BAF-8FB2-4EA2-8A5E-401F1A372D36}.Ad-Hoc|x86.Build.0 = Release|Any CPU
		{6DC08BAF-8FB2-4EA2-8A5E-401F1A372D36}.Ad-Hoc|x86.Deploy.0 = Release|Any CPU
		{6DC08BAF-8FB2-4EA2-8A5E-401F1A372D36}.AppStore|Any CPU.ActiveCfg = Release|Any CPU
		{6DC08BAF-8FB2-4EA2-8A5E-401F1A372D36}.AppStore|Any CPU.Build.0 = Release|Any CPU
		{6DC08BAF-8FB2-4EA2-8A5E-401F1A372D36}.AppStore|Any CPU.Deploy.0 = Release|Any CPU
		{6DC08BAF-8FB2-4EA2-8A5E-401F1A372D36}.AppStore|ARM.ActiveCfg = Release|Any CPU
		{6DC08BAF-8FB2-4EA2-8A5E-401F1A372D36}.AppStore|ARM.Build.0 = Release|Any CPU
		{6DC08BAF-8FB2-4EA2-8A5E-401F1A372D36}.AppStore|ARM.Deploy.0 = Release|Any CPU
		{6DC08BAF-8FB2-4EA2-8A5E-401F1A372D36}.AppStore|iPhone.ActiveCfg = Release|Any CPU
		{6DC08BAF-8FB2-4EA2-8A5E-401F1A372D36}.AppStore|iPhone.Build.0 = Release|Any CPU
		{6DC08BAF-8FB2-4EA2-8A5E-401F1A372D36}.AppStore|iPhone.Deploy.0 = Release|Any CPU
		{6DC08BAF-8FB2-4EA2-8A5E-401F1A372D36}.AppStore|iPhoneSimulator.ActiveCfg = Release|Any CPU
		{6DC08BAF-8FB2-4EA2-8A5E-401F1A372D36}.AppStore|iPhoneSimulator.Build.0 = Release|Any CPU
		{6DC08BAF-8FB2-4EA2-8A5E-401F1A372D36}.AppStore|iPhoneSimulator.Deploy.0 = Release|Any CPU
		{6DC08BAF-8FB2-4EA2-8A5E-401F1A372D36}.AppStore|x64.ActiveCfg = Release|Any CPU
		{6DC08BAF-8FB2-4EA2-8A5E-401F1A372D36}.AppStore|x64.Build.0 = Release|Any CPU
		{6DC08BAF-8FB2-4EA2-8A5E-401F1A372D36}.AppStore|x64.Deploy.0 = Release|Any CPU
		{6DC08BAF-8FB2-4EA2-8A5E-401F1A372D36}.AppStore|x86.ActiveCfg = Release|Any CPU
		{6DC08BAF-8FB2-4EA2-8A5E-401F1A372D36}.AppStore|x86.Build.0 = Release|Any CPU
		{6DC08BAF-8FB2-4EA2-8A5E-401F1A372D36}.AppStore|x86.Deploy.0 = Release|Any CPU
		{6DC08BAF-8FB2-4EA2-8A5E-401F1A372D36}.Debug|Any CPU.ActiveCfg = Debug|Any CPU
		{6DC08BAF-8FB2-4EA2-8A5E-401F1A372D36}.Debug|Any CPU.Build.0 = Debug|Any CPU
		{6DC08BAF-8FB2-4EA2-8A5E-401F1A372D36}.Debug|Any CPU.Deploy.0 = Debug|Any CPU
		{6DC08BAF-8FB2-4EA2-8A5E-401F1A372D36}.Debug|ARM.ActiveCfg = Debug|Any CPU
		{6DC08BAF-8FB2-4EA2-8A5E-401F1A372D36}.Debug|ARM.Build.0 = Debug|Any CPU
		{6DC08BAF-8FB2-4EA2-8A5E-401F1A372D36}.Debug|ARM.Deploy.0 = Debug|Any CPU
		{6DC08BAF-8FB2-4EA2-8A5E-401F1A372D36}.Debug|iPhone.ActiveCfg = Debug|Any CPU
		{6DC08BAF-8FB2-4EA2-8A5E-401F1A372D36}.Debug|iPhone.Build.0 = Debug|Any CPU
		{6DC08BAF-8FB2-4EA2-8A5E-401F1A372D36}.Debug|iPhone.Deploy.0 = Debug|Any CPU
		{6DC08BAF-8FB2-4EA2-8A5E-401F1A372D36}.Debug|iPhoneSimulator.ActiveCfg = Debug|Any CPU
		{6DC08BAF-8FB2-4EA2-8A5E-401F1A372D36}.Debug|iPhoneSimulator.Build.0 = Debug|Any CPU
		{6DC08BAF-8FB2-4EA2-8A5E-401F1A372D36}.Debug|iPhoneSimulator.Deploy.0 = Debug|Any CPU
		{6DC08BAF-8FB2-4EA2-8A5E-401F1A372D36}.Debug|x64.ActiveCfg = Debug|Any CPU
		{6DC08BAF-8FB2-4EA2-8A5E-401F1A372D36}.Debug|x64.Build.0 = Debug|Any CPU
		{6DC08BAF-8FB2-4EA2-8A5E-401F1A372D36}.Debug|x64.Deploy.0 = Debug|Any CPU
		{6DC08BAF-8FB2-4EA2-8A5E-401F1A372D36}.Debug|x86.ActiveCfg = Debug|Any CPU
		{6DC08BAF-8FB2-4EA2-8A5E-401F1A372D36}.Debug|x86.Build.0 = Debug|Any CPU
		{6DC08BAF-8FB2-4EA2-8A5E-401F1A372D36}.Debug|x86.Deploy.0 = Debug|Any CPU
		{6DC08BAF-8FB2-4EA2-8A5E-401F1A372D36}.Release|Any CPU.ActiveCfg = Release|Any CPU
		{6DC08BAF-8FB2-4EA2-8A5E-401F1A372D36}.Release|Any CPU.Build.0 = Release|Any CPU
		{6DC08BAF-8FB2-4EA2-8A5E-401F1A372D36}.Release|Any CPU.Deploy.0 = Release|Any CPU
		{6DC08BAF-8FB2-4EA2-8A5E-401F1A372D36}.Release|ARM.ActiveCfg = Release|Any CPU
		{6DC08BAF-8FB2-4EA2-8A5E-401F1A372D36}.Release|ARM.Build.0 = Release|Any CPU
		{6DC08BAF-8FB2-4EA2-8A5E-401F1A372D36}.Release|ARM.Deploy.0 = Release|Any CPU
		{6DC08BAF-8FB2-4EA2-8A5E-401F1A372D36}.Release|iPhone.ActiveCfg = Release|Any CPU
		{6DC08BAF-8FB2-4EA2-8A5E-401F1A372D36}.Release|iPhone.Build.0 = Release|Any CPU
		{6DC08BAF-8FB2-4EA2-8A5E-401F1A372D36}.Release|iPhone.Deploy.0 = Release|Any CPU
		{6DC08BAF-8FB2-4EA2-8A5E-401F1A372D36}.Release|iPhoneSimulator.ActiveCfg = Release|Any CPU
		{6DC08BAF-8FB2-4EA2-8A5E-401F1A372D36}.Release|iPhoneSimulator.Build.0 = Release|Any CPU
		{6DC08BAF-8FB2-4EA2-8A5E-401F1A372D36}.Release|iPhoneSimulator.Deploy.0 = Release|Any CPU
		{6DC08BAF-8FB2-4EA2-8A5E-401F1A372D36}.Release|x64.ActiveCfg = Release|Any CPU
		{6DC08BAF-8FB2-4EA2-8A5E-401F1A372D36}.Release|x64.Build.0 = Release|Any CPU
		{6DC08BAF-8FB2-4EA2-8A5E-401F1A372D36}.Release|x64.Deploy.0 = Release|Any CPU
		{6DC08BAF-8FB2-4EA2-8A5E-401F1A372D36}.Release|x86.ActiveCfg = Release|Any CPU
		{6DC08BAF-8FB2-4EA2-8A5E-401F1A372D36}.Release|x86.Build.0 = Release|Any CPU
		{6DC08BAF-8FB2-4EA2-8A5E-401F1A372D36}.Release|x86.Deploy.0 = Release|Any CPU
		{855278AA-E73A-43D7-814D-DFDA19180EF2}.Ad-Hoc|Any CPU.ActiveCfg = Ad-Hoc|iPhone
		{855278AA-E73A-43D7-814D-DFDA19180EF2}.Ad-Hoc|ARM.ActiveCfg = Ad-Hoc|iPhone
		{855278AA-E73A-43D7-814D-DFDA19180EF2}.Ad-Hoc|iPhone.ActiveCfg = Ad-Hoc|iPhone
		{855278AA-E73A-43D7-814D-DFDA19180EF2}.Ad-Hoc|iPhone.Build.0 = Ad-Hoc|iPhone
		{855278AA-E73A-43D7-814D-DFDA19180EF2}.Ad-Hoc|iPhoneSimulator.ActiveCfg = Ad-Hoc|iPhoneSimulator
		{855278AA-E73A-43D7-814D-DFDA19180EF2}.Ad-Hoc|iPhoneSimulator.Build.0 = Ad-Hoc|iPhoneSimulator
		{855278AA-E73A-43D7-814D-DFDA19180EF2}.Ad-Hoc|x64.ActiveCfg = Ad-Hoc|iPhone
		{855278AA-E73A-43D7-814D-DFDA19180EF2}.Ad-Hoc|x86.ActiveCfg = Ad-Hoc|iPhone
		{855278AA-E73A-43D7-814D-DFDA19180EF2}.AppStore|Any CPU.ActiveCfg = AppStore|iPhone
		{855278AA-E73A-43D7-814D-DFDA19180EF2}.AppStore|ARM.ActiveCfg = AppStore|iPhone
		{855278AA-E73A-43D7-814D-DFDA19180EF2}.AppStore|iPhone.ActiveCfg = AppStore|iPhone
		{855278AA-E73A-43D7-814D-DFDA19180EF2}.AppStore|iPhone.Build.0 = AppStore|iPhone
		{855278AA-E73A-43D7-814D-DFDA19180EF2}.AppStore|iPhoneSimulator.ActiveCfg = AppStore|iPhoneSimulator
		{855278AA-E73A-43D7-814D-DFDA19180EF2}.AppStore|iPhoneSimulator.Build.0 = AppStore|iPhoneSimulator
		{855278AA-E73A-43D7-814D-DFDA19180EF2}.AppStore|x64.ActiveCfg = AppStore|iPhone
		{855278AA-E73A-43D7-814D-DFDA19180EF2}.AppStore|x86.ActiveCfg = AppStore|iPhone
		{855278AA-E73A-43D7-814D-DFDA19180EF2}.Debug|Any CPU.ActiveCfg = Debug|iPhone
		{855278AA-E73A-43D7-814D-DFDA19180EF2}.Debug|ARM.ActiveCfg = Debug|iPhone
		{855278AA-E73A-43D7-814D-DFDA19180EF2}.Debug|iPhone.ActiveCfg = Debug|iPhone
		{855278AA-E73A-43D7-814D-DFDA19180EF2}.Debug|iPhone.Build.0 = Debug|iPhone
		{855278AA-E73A-43D7-814D-DFDA19180EF2}.Debug|iPhoneSimulator.ActiveCfg = Debug|iPhoneSimulator
		{855278AA-E73A-43D7-814D-DFDA19180EF2}.Debug|iPhoneSimulator.Build.0 = Debug|iPhoneSimulator
		{855278AA-E73A-43D7-814D-DFDA19180EF2}.Debug|x64.ActiveCfg = Debug|iPhone
		{855278AA-E73A-43D7-814D-DFDA19180EF2}.Debug|x86.ActiveCfg = Debug|iPhone
		{855278AA-E73A-43D7-814D-DFDA19180EF2}.Release|Any CPU.ActiveCfg = Release|iPhone
		{855278AA-E73A-43D7-814D-DFDA19180EF2}.Release|ARM.ActiveCfg = Release|iPhone
		{855278AA-E73A-43D7-814D-DFDA19180EF2}.Release|iPhone.ActiveCfg = Release|iPhone
		{855278AA-E73A-43D7-814D-DFDA19180EF2}.Release|iPhone.Build.0 = Release|iPhone
		{855278AA-E73A-43D7-814D-DFDA19180EF2}.Release|iPhoneSimulator.ActiveCfg = Release|iPhoneSimulator
		{855278AA-E73A-43D7-814D-DFDA19180EF2}.Release|iPhoneSimulator.Build.0 = Release|iPhoneSimulator
		{855278AA-E73A-43D7-814D-DFDA19180EF2}.Release|x64.ActiveCfg = Release|iPhone
		{855278AA-E73A-43D7-814D-DFDA19180EF2}.Release|x86.ActiveCfg = Release|iPhone
		{86F98DEC-493D-4F1F-AAEA-DF575BE99DE7}.Ad-Hoc|Any CPU.ActiveCfg = Release|Any CPU
		{86F98DEC-493D-4F1F-AAEA-DF575BE99DE7}.Ad-Hoc|Any CPU.Build.0 = Release|Any CPU
		{86F98DEC-493D-4F1F-AAEA-DF575BE99DE7}.Ad-Hoc|Any CPU.Deploy.0 = Release|Any CPU
		{86F98DEC-493D-4F1F-AAEA-DF575BE99DE7}.Ad-Hoc|ARM.ActiveCfg = Release|ARM
		{86F98DEC-493D-4F1F-AAEA-DF575BE99DE7}.Ad-Hoc|ARM.Build.0 = Release|ARM
		{86F98DEC-493D-4F1F-AAEA-DF575BE99DE7}.Ad-Hoc|ARM.Deploy.0 = Release|ARM
		{86F98DEC-493D-4F1F-AAEA-DF575BE99DE7}.Ad-Hoc|iPhone.ActiveCfg = Release|Any CPU
		{86F98DEC-493D-4F1F-AAEA-DF575BE99DE7}.Ad-Hoc|iPhone.Build.0 = Release|Any CPU
		{86F98DEC-493D-4F1F-AAEA-DF575BE99DE7}.Ad-Hoc|iPhone.Deploy.0 = Release|Any CPU
		{86F98DEC-493D-4F1F-AAEA-DF575BE99DE7}.Ad-Hoc|iPhoneSimulator.ActiveCfg = Release|Any CPU
		{86F98DEC-493D-4F1F-AAEA-DF575BE99DE7}.Ad-Hoc|iPhoneSimulator.Build.0 = Release|Any CPU
		{86F98DEC-493D-4F1F-AAEA-DF575BE99DE7}.Ad-Hoc|iPhoneSimulator.Deploy.0 = Release|Any CPU
		{86F98DEC-493D-4F1F-AAEA-DF575BE99DE7}.Ad-Hoc|x64.ActiveCfg = Release|Any CPU
		{86F98DEC-493D-4F1F-AAEA-DF575BE99DE7}.Ad-Hoc|x64.Build.0 = Release|Any CPU
		{86F98DEC-493D-4F1F-AAEA-DF575BE99DE7}.Ad-Hoc|x64.Deploy.0 = Release|Any CPU
		{86F98DEC-493D-4F1F-AAEA-DF575BE99DE7}.Ad-Hoc|x86.ActiveCfg = Release|x86
		{86F98DEC-493D-4F1F-AAEA-DF575BE99DE7}.Ad-Hoc|x86.Build.0 = Release|x86
		{86F98DEC-493D-4F1F-AAEA-DF575BE99DE7}.Ad-Hoc|x86.Deploy.0 = Release|x86
		{86F98DEC-493D-4F1F-AAEA-DF575BE99DE7}.AppStore|Any CPU.ActiveCfg = Release|Any CPU
		{86F98DEC-493D-4F1F-AAEA-DF575BE99DE7}.AppStore|Any CPU.Build.0 = Release|Any CPU
		{86F98DEC-493D-4F1F-AAEA-DF575BE99DE7}.AppStore|Any CPU.Deploy.0 = Release|Any CPU
		{86F98DEC-493D-4F1F-AAEA-DF575BE99DE7}.AppStore|ARM.ActiveCfg = Release|ARM
		{86F98DEC-493D-4F1F-AAEA-DF575BE99DE7}.AppStore|ARM.Build.0 = Release|ARM
		{86F98DEC-493D-4F1F-AAEA-DF575BE99DE7}.AppStore|ARM.Deploy.0 = Release|ARM
		{86F98DEC-493D-4F1F-AAEA-DF575BE99DE7}.AppStore|iPhone.ActiveCfg = Release|Any CPU
		{86F98DEC-493D-4F1F-AAEA-DF575BE99DE7}.AppStore|iPhone.Build.0 = Release|Any CPU
		{86F98DEC-493D-4F1F-AAEA-DF575BE99DE7}.AppStore|iPhone.Deploy.0 = Release|Any CPU
		{86F98DEC-493D-4F1F-AAEA-DF575BE99DE7}.AppStore|iPhoneSimulator.ActiveCfg = Release|Any CPU
		{86F98DEC-493D-4F1F-AAEA-DF575BE99DE7}.AppStore|iPhoneSimulator.Build.0 = Release|Any CPU
		{86F98DEC-493D-4F1F-AAEA-DF575BE99DE7}.AppStore|iPhoneSimulator.Deploy.0 = Release|Any CPU
		{86F98DEC-493D-4F1F-AAEA-DF575BE99DE7}.AppStore|x64.ActiveCfg = Release|Any CPU
		{86F98DEC-493D-4F1F-AAEA-DF575BE99DE7}.AppStore|x64.Build.0 = Release|Any CPU
		{86F98DEC-493D-4F1F-AAEA-DF575BE99DE7}.AppStore|x64.Deploy.0 = Release|Any CPU
		{86F98DEC-493D-4F1F-AAEA-DF575BE99DE7}.AppStore|x86.ActiveCfg = Release|x86
		{86F98DEC-493D-4F1F-AAEA-DF575BE99DE7}.AppStore|x86.Build.0 = Release|x86
		{86F98DEC-493D-4F1F-AAEA-DF575BE99DE7}.AppStore|x86.Deploy.0 = Release|x86
		{86F98DEC-493D-4F1F-AAEA-DF575BE99DE7}.Debug|Any CPU.ActiveCfg = Debug|Any CPU
		{86F98DEC-493D-4F1F-AAEA-DF575BE99DE7}.Debug|Any CPU.Build.0 = Debug|Any CPU
		{86F98DEC-493D-4F1F-AAEA-DF575BE99DE7}.Debug|Any CPU.Deploy.0 = Debug|Any CPU
		{86F98DEC-493D-4F1F-AAEA-DF575BE99DE7}.Debug|ARM.ActiveCfg = Debug|ARM
		{86F98DEC-493D-4F1F-AAEA-DF575BE99DE7}.Debug|ARM.Build.0 = Debug|ARM
		{86F98DEC-493D-4F1F-AAEA-DF575BE99DE7}.Debug|ARM.Deploy.0 = Debug|ARM
		{86F98DEC-493D-4F1F-AAEA-DF575BE99DE7}.Debug|iPhone.ActiveCfg = Debug|Any CPU
		{86F98DEC-493D-4F1F-AAEA-DF575BE99DE7}.Debug|iPhone.Build.0 = Debug|Any CPU
		{86F98DEC-493D-4F1F-AAEA-DF575BE99DE7}.Debug|iPhone.Deploy.0 = Debug|Any CPU
		{86F98DEC-493D-4F1F-AAEA-DF575BE99DE7}.Debug|iPhoneSimulator.ActiveCfg = Debug|Any CPU
		{86F98DEC-493D-4F1F-AAEA-DF575BE99DE7}.Debug|iPhoneSimulator.Build.0 = Debug|Any CPU
		{86F98DEC-493D-4F1F-AAEA-DF575BE99DE7}.Debug|iPhoneSimulator.Deploy.0 = Debug|Any CPU
		{86F98DEC-493D-4F1F-AAEA-DF575BE99DE7}.Debug|x64.ActiveCfg = Debug|Any CPU
		{86F98DEC-493D-4F1F-AAEA-DF575BE99DE7}.Debug|x64.Build.0 = Debug|Any CPU
		{86F98DEC-493D-4F1F-AAEA-DF575BE99DE7}.Debug|x64.Deploy.0 = Debug|Any CPU
		{86F98DEC-493D-4F1F-AAEA-DF575BE99DE7}.Debug|x86.ActiveCfg = Debug|x86
		{86F98DEC-493D-4F1F-AAEA-DF575BE99DE7}.Debug|x86.Build.0 = Debug|x86
		{86F98DEC-493D-4F1F-AAEA-DF575BE99DE7}.Debug|x86.Deploy.0 = Debug|x86
		{86F98DEC-493D-4F1F-AAEA-DF575BE99DE7}.Release|Any CPU.ActiveCfg = Release|Any CPU
		{86F98DEC-493D-4F1F-AAEA-DF575BE99DE7}.Release|Any CPU.Build.0 = Release|Any CPU
		{86F98DEC-493D-4F1F-AAEA-DF575BE99DE7}.Release|Any CPU.Deploy.0 = Release|Any CPU
		{86F98DEC-493D-4F1F-AAEA-DF575BE99DE7}.Release|ARM.ActiveCfg = Release|ARM
		{86F98DEC-493D-4F1F-AAEA-DF575BE99DE7}.Release|ARM.Build.0 = Release|ARM
		{86F98DEC-493D-4F1F-AAEA-DF575BE99DE7}.Release|ARM.Deploy.0 = Release|ARM
		{86F98DEC-493D-4F1F-AAEA-DF575BE99DE7}.Release|iPhone.ActiveCfg = Release|Any CPU
		{86F98DEC-493D-4F1F-AAEA-DF575BE99DE7}.Release|iPhone.Build.0 = Release|Any CPU
		{86F98DEC-493D-4F1F-AAEA-DF575BE99DE7}.Release|iPhone.Deploy.0 = Release|Any CPU
		{86F98DEC-493D-4F1F-AAEA-DF575BE99DE7}.Release|iPhoneSimulator.ActiveCfg = Release|Any CPU
		{86F98DEC-493D-4F1F-AAEA-DF575BE99DE7}.Release|iPhoneSimulator.Build.0 = Release|Any CPU
		{86F98DEC-493D-4F1F-AAEA-DF575BE99DE7}.Release|iPhoneSimulator.Deploy.0 = Release|Any CPU
		{86F98DEC-493D-4F1F-AAEA-DF575BE99DE7}.Release|x64.ActiveCfg = Release|Any CPU
		{86F98DEC-493D-4F1F-AAEA-DF575BE99DE7}.Release|x64.Build.0 = Release|Any CPU
		{86F98DEC-493D-4F1F-AAEA-DF575BE99DE7}.Release|x64.Deploy.0 = Release|Any CPU
		{86F98DEC-493D-4F1F-AAEA-DF575BE99DE7}.Release|x86.ActiveCfg = Release|x86
		{86F98DEC-493D-4F1F-AAEA-DF575BE99DE7}.Release|x86.Build.0 = Release|x86
		{86F98DEC-493D-4F1F-AAEA-DF575BE99DE7}.Release|x86.Deploy.0 = Release|x86
		{84E3A89D-6348-46AF-AAC6-6913C8B5435E}.Ad-Hoc|Any CPU.ActiveCfg = Release|Any CPU
		{84E3A89D-6348-46AF-AAC6-6913C8B5435E}.Ad-Hoc|Any CPU.Build.0 = Release|Any CPU
		{84E3A89D-6348-46AF-AAC6-6913C8B5435E}.Ad-Hoc|Any CPU.Deploy.0 = Release|Any CPU
		{84E3A89D-6348-46AF-AAC6-6913C8B5435E}.Ad-Hoc|ARM.ActiveCfg = Release|ARM
		{84E3A89D-6348-46AF-AAC6-6913C8B5435E}.Ad-Hoc|ARM.Build.0 = Release|ARM
		{84E3A89D-6348-46AF-AAC6-6913C8B5435E}.Ad-Hoc|ARM.Deploy.0 = Release|ARM
		{84E3A89D-6348-46AF-AAC6-6913C8B5435E}.Ad-Hoc|iPhone.ActiveCfg = Release|Any CPU
		{84E3A89D-6348-46AF-AAC6-6913C8B5435E}.Ad-Hoc|iPhone.Build.0 = Release|Any CPU
		{84E3A89D-6348-46AF-AAC6-6913C8B5435E}.Ad-Hoc|iPhone.Deploy.0 = Release|Any CPU
		{84E3A89D-6348-46AF-AAC6-6913C8B5435E}.Ad-Hoc|iPhoneSimulator.ActiveCfg = Release|Any CPU
		{84E3A89D-6348-46AF-AAC6-6913C8B5435E}.Ad-Hoc|iPhoneSimulator.Build.0 = Release|Any CPU
		{84E3A89D-6348-46AF-AAC6-6913C8B5435E}.Ad-Hoc|iPhoneSimulator.Deploy.0 = Release|Any CPU
		{84E3A89D-6348-46AF-AAC6-6913C8B5435E}.Ad-Hoc|x64.ActiveCfg = Release|x64
		{84E3A89D-6348-46AF-AAC6-6913C8B5435E}.Ad-Hoc|x64.Build.0 = Release|x64
		{84E3A89D-6348-46AF-AAC6-6913C8B5435E}.Ad-Hoc|x64.Deploy.0 = Release|x64
		{84E3A89D-6348-46AF-AAC6-6913C8B5435E}.Ad-Hoc|x86.ActiveCfg = Release|x86
		{84E3A89D-6348-46AF-AAC6-6913C8B5435E}.Ad-Hoc|x86.Build.0 = Release|x86
		{84E3A89D-6348-46AF-AAC6-6913C8B5435E}.Ad-Hoc|x86.Deploy.0 = Release|x86
		{84E3A89D-6348-46AF-AAC6-6913C8B5435E}.AppStore|Any CPU.ActiveCfg = Release|Any CPU
		{84E3A89D-6348-46AF-AAC6-6913C8B5435E}.AppStore|Any CPU.Build.0 = Release|Any CPU
		{84E3A89D-6348-46AF-AAC6-6913C8B5435E}.AppStore|Any CPU.Deploy.0 = Release|Any CPU
		{84E3A89D-6348-46AF-AAC6-6913C8B5435E}.AppStore|ARM.ActiveCfg = Release|ARM
		{84E3A89D-6348-46AF-AAC6-6913C8B5435E}.AppStore|ARM.Build.0 = Release|ARM
		{84E3A89D-6348-46AF-AAC6-6913C8B5435E}.AppStore|ARM.Deploy.0 = Release|ARM
		{84E3A89D-6348-46AF-AAC6-6913C8B5435E}.AppStore|iPhone.ActiveCfg = Release|Any CPU
		{84E3A89D-6348-46AF-AAC6-6913C8B5435E}.AppStore|iPhone.Build.0 = Release|Any CPU
		{84E3A89D-6348-46AF-AAC6-6913C8B5435E}.AppStore|iPhone.Deploy.0 = Release|Any CPU
		{84E3A89D-6348-46AF-AAC6-6913C8B5435E}.AppStore|iPhoneSimulator.ActiveCfg = Release|Any CPU
		{84E3A89D-6348-46AF-AAC6-6913C8B5435E}.AppStore|iPhoneSimulator.Build.0 = Release|Any CPU
		{84E3A89D-6348-46AF-AAC6-6913C8B5435E}.AppStore|iPhoneSimulator.Deploy.0 = Release|Any CPU
		{84E3A89D-6348-46AF-AAC6-6913C8B5435E}.AppStore|x64.ActiveCfg = Release|x64
		{84E3A89D-6348-46AF-AAC6-6913C8B5435E}.AppStore|x64.Build.0 = Release|x64
		{84E3A89D-6348-46AF-AAC6-6913C8B5435E}.AppStore|x64.Deploy.0 = Release|x64
		{84E3A89D-6348-46AF-AAC6-6913C8B5435E}.AppStore|x86.ActiveCfg = Release|x86
		{84E3A89D-6348-46AF-AAC6-6913C8B5435E}.AppStore|x86.Build.0 = Release|x86
		{84E3A89D-6348-46AF-AAC6-6913C8B5435E}.AppStore|x86.Deploy.0 = Release|x86
		{84E3A89D-6348-46AF-AAC6-6913C8B5435E}.Debug|Any CPU.ActiveCfg = Debug|Any CPU
		{84E3A89D-6348-46AF-AAC6-6913C8B5435E}.Debug|Any CPU.Build.0 = Debug|Any CPU
		{84E3A89D-6348-46AF-AAC6-6913C8B5435E}.Debug|Any CPU.Deploy.0 = Debug|Any CPU
		{84E3A89D-6348-46AF-AAC6-6913C8B5435E}.Debug|ARM.ActiveCfg = Debug|ARM
		{84E3A89D-6348-46AF-AAC6-6913C8B5435E}.Debug|ARM.Build.0 = Debug|ARM
		{84E3A89D-6348-46AF-AAC6-6913C8B5435E}.Debug|ARM.Deploy.0 = Debug|ARM
		{84E3A89D-6348-46AF-AAC6-6913C8B5435E}.Debug|iPhone.ActiveCfg = Debug|Any CPU
		{84E3A89D-6348-46AF-AAC6-6913C8B5435E}.Debug|iPhone.Build.0 = Debug|Any CPU
		{84E3A89D-6348-46AF-AAC6-6913C8B5435E}.Debug|iPhone.Deploy.0 = Debug|Any CPU
		{84E3A89D-6348-46AF-AAC6-6913C8B5435E}.Debug|iPhoneSimulator.ActiveCfg = Debug|Any CPU
		{84E3A89D-6348-46AF-AAC6-6913C8B5435E}.Debug|iPhoneSimulator.Build.0 = Debug|Any CPU
		{84E3A89D-6348-46AF-AAC6-6913C8B5435E}.Debug|iPhoneSimulator.Deploy.0 = Debug|Any CPU
		{84E3A89D-6348-46AF-AAC6-6913C8B5435E}.Debug|x64.ActiveCfg = Debug|x64
		{84E3A89D-6348-46AF-AAC6-6913C8B5435E}.Debug|x64.Build.0 = Debug|x64
		{84E3A89D-6348-46AF-AAC6-6913C8B5435E}.Debug|x64.Deploy.0 = Debug|x64
		{84E3A89D-6348-46AF-AAC6-6913C8B5435E}.Debug|x86.ActiveCfg = Debug|x86
		{84E3A89D-6348-46AF-AAC6-6913C8B5435E}.Debug|x86.Build.0 = Debug|x86
		{84E3A89D-6348-46AF-AAC6-6913C8B5435E}.Debug|x86.Deploy.0 = Debug|x86
		{84E3A89D-6348-46AF-AAC6-6913C8B5435E}.Release|Any CPU.ActiveCfg = Release|Any CPU
		{84E3A89D-6348-46AF-AAC6-6913C8B5435E}.Release|Any CPU.Build.0 = Release|Any CPU
		{84E3A89D-6348-46AF-AAC6-6913C8B5435E}.Release|Any CPU.Deploy.0 = Release|Any CPU
		{84E3A89D-6348-46AF-AAC6-6913C8B5435E}.Release|ARM.ActiveCfg = Release|ARM
		{84E3A89D-6348-46AF-AAC6-6913C8B5435E}.Release|ARM.Build.0 = Release|ARM
		{84E3A89D-6348-46AF-AAC6-6913C8B5435E}.Release|ARM.Deploy.0 = Release|ARM
		{84E3A89D-6348-46AF-AAC6-6913C8B5435E}.Release|iPhone.ActiveCfg = Release|Any CPU
		{84E3A89D-6348-46AF-AAC6-6913C8B5435E}.Release|iPhone.Build.0 = Release|Any CPU
		{84E3A89D-6348-46AF-AAC6-6913C8B5435E}.Release|iPhone.Deploy.0 = Release|Any CPU
		{84E3A89D-6348-46AF-AAC6-6913C8B5435E}.Release|iPhoneSimulator.ActiveCfg = Release|Any CPU
		{84E3A89D-6348-46AF-AAC6-6913C8B5435E}.Release|iPhoneSimulator.Build.0 = Release|Any CPU
		{84E3A89D-6348-46AF-AAC6-6913C8B5435E}.Release|iPhoneSimulator.Deploy.0 = Release|Any CPU
		{84E3A89D-6348-46AF-AAC6-6913C8B5435E}.Release|x64.ActiveCfg = Release|x64
		{84E3A89D-6348-46AF-AAC6-6913C8B5435E}.Release|x64.Build.0 = Release|x64
		{84E3A89D-6348-46AF-AAC6-6913C8B5435E}.Release|x64.Deploy.0 = Release|x64
		{84E3A89D-6348-46AF-AAC6-6913C8B5435E}.Release|x86.ActiveCfg = Release|x86
		{84E3A89D-6348-46AF-AAC6-6913C8B5435E}.Release|x86.Build.0 = Release|x86
		{84E3A89D-6348-46AF-AAC6-6913C8B5435E}.Release|x86.Deploy.0 = Release|x86
		{A5D45BBE-3FEB-48C2-852C-E867B2B514CF}.Ad-Hoc|Any CPU.ActiveCfg = Release|Any CPU
		{A5D45BBE-3FEB-48C2-852C-E867B2B514CF}.Ad-Hoc|Any CPU.Build.0 = Release|Any CPU
		{A5D45BBE-3FEB-48C2-852C-E867B2B514CF}.Ad-Hoc|ARM.ActiveCfg = Release|Any CPU
		{A5D45BBE-3FEB-48C2-852C-E867B2B514CF}.Ad-Hoc|ARM.Build.0 = Release|Any CPU
		{A5D45BBE-3FEB-48C2-852C-E867B2B514CF}.Ad-Hoc|iPhone.ActiveCfg = Release|Any CPU
		{A5D45BBE-3FEB-48C2-852C-E867B2B514CF}.Ad-Hoc|iPhone.Build.0 = Release|Any CPU
		{A5D45BBE-3FEB-48C2-852C-E867B2B514CF}.Ad-Hoc|iPhoneSimulator.ActiveCfg = Release|Any CPU
		{A5D45BBE-3FEB-48C2-852C-E867B2B514CF}.Ad-Hoc|iPhoneSimulator.Build.0 = Release|Any CPU
		{A5D45BBE-3FEB-48C2-852C-E867B2B514CF}.Ad-Hoc|x64.ActiveCfg = Release|Any CPU
		{A5D45BBE-3FEB-48C2-852C-E867B2B514CF}.Ad-Hoc|x64.Build.0 = Release|Any CPU
		{A5D45BBE-3FEB-48C2-852C-E867B2B514CF}.Ad-Hoc|x86.ActiveCfg = Release|Any CPU
		{A5D45BBE-3FEB-48C2-852C-E867B2B514CF}.Ad-Hoc|x86.Build.0 = Release|Any CPU
		{A5D45BBE-3FEB-48C2-852C-E867B2B514CF}.AppStore|Any CPU.ActiveCfg = Release|Any CPU
		{A5D45BBE-3FEB-48C2-852C-E867B2B514CF}.AppStore|Any CPU.Build.0 = Release|Any CPU
		{A5D45BBE-3FEB-48C2-852C-E867B2B514CF}.AppStore|ARM.ActiveCfg = Release|Any CPU
		{A5D45BBE-3FEB-48C2-852C-E867B2B514CF}.AppStore|ARM.Build.0 = Release|Any CPU
		{A5D45BBE-3FEB-48C2-852C-E867B2B514CF}.AppStore|iPhone.ActiveCfg = Release|Any CPU
		{A5D45BBE-3FEB-48C2-852C-E867B2B514CF}.AppStore|iPhone.Build.0 = Release|Any CPU
		{A5D45BBE-3FEB-48C2-852C-E867B2B514CF}.AppStore|iPhoneSimulator.ActiveCfg = Release|Any CPU
		{A5D45BBE-3FEB-48C2-852C-E867B2B514CF}.AppStore|iPhoneSimulator.Build.0 = Release|Any CPU
		{A5D45BBE-3FEB-48C2-852C-E867B2B514CF}.AppStore|x64.ActiveCfg = Release|Any CPU
		{A5D45BBE-3FEB-48C2-852C-E867B2B514CF}.AppStore|x64.Build.0 = Release|Any CPU
		{A5D45BBE-3FEB-48C2-852C-E867B2B514CF}.AppStore|x86.ActiveCfg = Release|Any CPU
		{A5D45BBE-3FEB-48C2-852C-E867B2B514CF}.AppStore|x86.Build.0 = Release|Any CPU
		{A5D45BBE-3FEB-48C2-852C-E867B2B514CF}.Debug|Any CPU.ActiveCfg = Debug|Any CPU
		{A5D45BBE-3FEB-48C2-852C-E867B2B514CF}.Debug|Any CPU.Build.0 = Debug|Any CPU
		{A5D45BBE-3FEB-48C2-852C-E867B2B514CF}.Debug|ARM.ActiveCfg = Debug|Any CPU
		{A5D45BBE-3FEB-48C2-852C-E867B2B514CF}.Debug|ARM.Build.0 = Debug|Any CPU
		{A5D45BBE-3FEB-48C2-852C-E867B2B514CF}.Debug|iPhone.ActiveCfg = Debug|Any CPU
		{A5D45BBE-3FEB-48C2-852C-E867B2B514CF}.Debug|iPhone.Build.0 = Debug|Any CPU
		{A5D45BBE-3FEB-48C2-852C-E867B2B514CF}.Debug|iPhoneSimulator.ActiveCfg = Debug|Any CPU
		{A5D45BBE-3FEB-48C2-852C-E867B2B514CF}.Debug|iPhoneSimulator.Build.0 = Debug|Any CPU
		{A5D45BBE-3FEB-48C2-852C-E867B2B514CF}.Debug|x64.ActiveCfg = Debug|Any CPU
		{A5D45BBE-3FEB-48C2-852C-E867B2B514CF}.Debug|x64.Build.0 = Debug|Any CPU
		{A5D45BBE-3FEB-48C2-852C-E867B2B514CF}.Debug|x86.ActiveCfg = Debug|Any CPU
		{A5D45BBE-3FEB-48C2-852C-E867B2B514CF}.Debug|x86.Build.0 = Debug|Any CPU
		{A5D45BBE-3FEB-48C2-852C-E867B2B514CF}.Release|Any CPU.ActiveCfg = Release|Any CPU
		{A5D45BBE-3FEB-48C2-852C-E867B2B514CF}.Release|Any CPU.Build.0 = Release|Any CPU
		{A5D45BBE-3FEB-48C2-852C-E867B2B514CF}.Release|ARM.ActiveCfg = Release|Any CPU
		{A5D45BBE-3FEB-48C2-852C-E867B2B514CF}.Release|ARM.Build.0 = Release|Any CPU
		{A5D45BBE-3FEB-48C2-852C-E867B2B514CF}.Release|iPhone.ActiveCfg = Release|Any CPU
		{A5D45BBE-3FEB-48C2-852C-E867B2B514CF}.Release|iPhone.Build.0 = Release|Any CPU
		{A5D45BBE-3FEB-48C2-852C-E867B2B514CF}.Release|iPhoneSimulator.ActiveCfg = Release|Any CPU
		{A5D45BBE-3FEB-48C2-852C-E867B2B514CF}.Release|iPhoneSimulator.Build.0 = Release|Any CPU
		{A5D45BBE-3FEB-48C2-852C-E867B2B514CF}.Release|x64.ActiveCfg = Release|Any CPU
		{A5D45BBE-3FEB-48C2-852C-E867B2B514CF}.Release|x64.Build.0 = Release|Any CPU
		{A5D45BBE-3FEB-48C2-852C-E867B2B514CF}.Release|x86.ActiveCfg = Release|Any CPU
		{A5D45BBE-3FEB-48C2-852C-E867B2B514CF}.Release|x86.Build.0 = Release|Any CPU
	EndGlobalSection
	GlobalSection(SolutionProperties) = preSolution
		HideSolutionNode = FALSE
	EndGlobalSection
EndGlobal
