
Microsoft Visual Studio Solution File, Format Version 12.00
# Visual Studio 14
VisualStudioVersion = 14.0.25420.1
MinimumVisualStudioVersion = 10.0.40219.1
Project("{FAE04EC0-301F-11D3-BF4B-00C04F79EFBC}") = "Challenge04.Droid", "Challenge04\Challenge04.Droid\Challenge04.Droid.csproj", "{4750128D-D565-44EA-8DE3-4C69BC3CF8F5}"
EndProject
Project("{FAE04EC0-301F-11D3-BF4B-00C04F79EFBC}") = "Challenge04.iOS", "Challenge04\Challenge04.iOS\Challenge04.iOS.csproj", "{81127FF2-B376-4BBE-A1F4-0074A594F2B8}"
EndProject
Project("{FAE04EC0-301F-11D3-BF4B-00C04F79EFBC}") = "Challenge04.WinPhone", "Challenge04\Challenge04.WinPhone\Challenge04.WinPhone.csproj", "{E93A31E6-A335-46CC-94D0-98872869BF9A}"
EndProject
Project("{FAE04EC0-301F-11D3-BF4B-00C04F79EFBC}") = "Challenge04.Windows", "Challenge04\Challenge04.Windows\Challenge04.Windows.csproj", "{4A650D35-3A39-4116-B334-CB4FC8B8EC9F}"
EndProject
Project("{FAE04EC0-301F-11D3-BF4B-00C04F79EFBC}") = "Challenge04", "Challenge04\Challenge04\Challenge04.csproj", "{3FA7C8CB-2530-49C0-BA24-4080FBFD7743}"
EndProject
Global
	GlobalSection(SolutionConfigurationPlatforms) = preSolution
		Ad-Hoc|Any CPU = Ad-Hoc|Any CPU
		Ad-Hoc|ARM = Ad-Hoc|ARM
		Ad-Hoc|iPhone = Ad-Hoc|iPhone
		Ad-Hoc|iPhoneSimulator = Ad-Hoc|iPhoneSimulator
		Ad-Hoc|x64 = Ad-Hoc|x64
		Ad-Hoc|x86 = Ad-Hoc|x86
		AppStore|Any CPU = AppStore|Any CPU
		AppStore|ARM = AppStore|ARM
		AppStore|iPhone = AppStore|iPhone
		AppStore|iPhoneSimulator = AppStore|iPhoneSimulator
		AppStore|x64 = AppStore|x64
		AppStore|x86 = AppStore|x86
		Debug|Any CPU = Debug|Any CPU
		Debug|ARM = Debug|ARM
		Debug|iPhone = Debug|iPhone
		Debug|iPhoneSimulator = Debug|iPhoneSimulator
		Debug|x64 = Debug|x64
		Debug|x86 = Debug|x86
		Release|Any CPU = Release|Any CPU
		Release|ARM = Release|ARM
		Release|iPhone = Release|iPhone
		Release|iPhoneSimulator = Release|iPhoneSimulator
		Release|x64 = Release|x64
		Release|x86 = Release|x86
	EndGlobalSection
	GlobalSection(ProjectConfigurationPlatforms) = postSolution
		{4750128D-D565-44EA-8DE3-4C69BC3CF8F5}.Ad-Hoc|Any CPU.ActiveCfg = Release|Any CPU
		{4750128D-D565-44EA-8DE3-4C69BC3CF8F5}.Ad-Hoc|Any CPU.Build.0 = Release|Any CPU
		{4750128D-D565-44EA-8DE3-4C69BC3CF8F5}.Ad-Hoc|Any CPU.Deploy.0 = Release|Any CPU
		{4750128D-D565-44EA-8DE3-4C69BC3CF8F5}.Ad-Hoc|ARM.ActiveCfg = Release|Any CPU
		{4750128D-D565-44EA-8DE3-4C69BC3CF8F5}.Ad-Hoc|ARM.Build.0 = Release|Any CPU
		{4750128D-D565-44EA-8DE3-4C69BC3CF8F5}.Ad-Hoc|ARM.Deploy.0 = Release|Any CPU
		{4750128D-D565-44EA-8DE3-4C69BC3CF8F5}.Ad-Hoc|iPhone.ActiveCfg = Release|Any CPU
		{4750128D-D565-44EA-8DE3-4C69BC3CF8F5}.Ad-Hoc|iPhone.Build.0 = Release|Any CPU
		{4750128D-D565-44EA-8DE3-4C69BC3CF8F5}.Ad-Hoc|iPhone.Deploy.0 = Release|Any CPU
		{4750128D-D565-44EA-8DE3-4C69BC3CF8F5}.Ad-Hoc|iPhoneSimulator.ActiveCfg = Release|Any CPU
		{4750128D-D565-44EA-8DE3-4C69BC3CF8F5}.Ad-Hoc|iPhoneSimulator.Build.0 = Release|Any CPU
		{4750128D-D565-44EA-8DE3-4C69BC3CF8F5}.Ad-Hoc|iPhoneSimulator.Deploy.0 = Release|Any CPU
		{4750128D-D565-44EA-8DE3-4C69BC3CF8F5}.Ad-Hoc|x64.ActiveCfg = Release|Any CPU
		{4750128D-D565-44EA-8DE3-4C69BC3CF8F5}.Ad-Hoc|x64.Build.0 = Release|Any CPU
		{4750128D-D565-44EA-8DE3-4C69BC3CF8F5}.Ad-Hoc|x64.Deploy.0 = Release|Any CPU
		{4750128D-D565-44EA-8DE3-4C69BC3CF8F5}.Ad-Hoc|x86.ActiveCfg = Release|Any CPU
		{4750128D-D565-44EA-8DE3-4C69BC3CF8F5}.Ad-Hoc|x86.Build.0 = Release|Any CPU
		{4750128D-D565-44EA-8DE3-4C69BC3CF8F5}.Ad-Hoc|x86.Deploy.0 = Release|Any CPU
		{4750128D-D565-44EA-8DE3-4C69BC3CF8F5}.AppStore|Any CPU.ActiveCfg = Release|Any CPU
		{4750128D-D565-44EA-8DE3-4C69BC3CF8F5}.AppStore|Any CPU.Build.0 = Release|Any CPU
		{4750128D-D565-44EA-8DE3-4C69BC3CF8F5}.AppStore|Any CPU.Deploy.0 = Release|Any CPU
		{4750128D-D565-44EA-8DE3-4C69BC3CF8F5}.AppStore|ARM.ActiveCfg = Release|Any CPU
		{4750128D-D565-44EA-8DE3-4C69BC3CF8F5}.AppStore|ARM.Build.0 = Release|Any CPU
		{4750128D-D565-44EA-8DE3-4C69BC3CF8F5}.AppStore|ARM.Deploy.0 = Release|Any CPU
		{4750128D-D565-44EA-8DE3-4C69BC3CF8F5}.AppStore|iPhone.ActiveCfg = Release|Any CPU
		{4750128D-D565-44EA-8DE3-4C69BC3CF8F5}.AppStore|iPhone.Build.0 = Release|Any CPU
		{4750128D-D565-44EA-8DE3-4C69BC3CF8F5}.AppStore|iPhone.Deploy.0 = Release|Any CPU
		{4750128D-D565-44EA-8DE3-4C69BC3CF8F5}.AppStore|iPhoneSimulator.ActiveCfg = Release|Any CPU
		{4750128D-D565-44EA-8DE3-4C69BC3CF8F5}.AppStore|iPhoneSimulator.Build.0 = Release|Any CPU
		{4750128D-D565-44EA-8DE3-4C69BC3CF8F5}.AppStore|iPhoneSimulator.Deploy.0 = Release|Any CPU
		{4750128D-D565-44EA-8DE3-4C69BC3CF8F5}.AppStore|x64.ActiveCfg = Release|Any CPU
		{4750128D-D565-44EA-8DE3-4C69BC3CF8F5}.AppStore|x64.Build.0 = Release|Any CPU
		{4750128D-D565-44EA-8DE3-4C69BC3CF8F5}.AppStore|x64.Deploy.0 = Release|Any CPU
		{4750128D-D565-44EA-8DE3-4C69BC3CF8F5}.AppStore|x86.ActiveCfg = Release|Any CPU
		{4750128D-D565-44EA-8DE3-4C69BC3CF8F5}.AppStore|x86.Build.0 = Release|Any CPU
		{4750128D-D565-44EA-8DE3-4C69BC3CF8F5}.AppStore|x86.Deploy.0 = Release|Any CPU
		{4750128D-D565-44EA-8DE3-4C69BC3CF8F5}.Debug|Any CPU.ActiveCfg = Debug|Any CPU
		{4750128D-D565-44EA-8DE3-4C69BC3CF8F5}.Debug|Any CPU.Build.0 = Debug|Any CPU
		{4750128D-D565-44EA-8DE3-4C69BC3CF8F5}.Debug|Any CPU.Deploy.0 = Debug|Any CPU
		{4750128D-D565-44EA-8DE3-4C69BC3CF8F5}.Debug|ARM.ActiveCfg = Debug|Any CPU
		{4750128D-D565-44EA-8DE3-4C69BC3CF8F5}.Debug|ARM.Build.0 = Debug|Any CPU
		{4750128D-D565-44EA-8DE3-4C69BC3CF8F5}.Debug|ARM.Deploy.0 = Debug|Any CPU
		{4750128D-D565-44EA-8DE3-4C69BC3CF8F5}.Debug|iPhone.ActiveCfg = Debug|Any CPU
		{4750128D-D565-44EA-8DE3-4C69BC3CF8F5}.Debug|iPhone.Build.0 = Debug|Any CPU
		{4750128D-D565-44EA-8DE3-4C69BC3CF8F5}.Debug|iPhone.Deploy.0 = Debug|Any CPU
		{4750128D-D565-44EA-8DE3-4C69BC3CF8F5}.Debug|iPhoneSimulator.ActiveCfg = Debug|Any CPU
		{4750128D-D565-44EA-8DE3-4C69BC3CF8F5}.Debug|iPhoneSimulator.Build.0 = Debug|Any CPU
		{4750128D-D565-44EA-8DE3-4C69BC3CF8F5}.Debug|iPhoneSimulator.Deploy.0 = Debug|Any CPU
		{4750128D-D565-44EA-8DE3-4C69BC3CF8F5}.Debug|x64.ActiveCfg = Debug|Any CPU
		{4750128D-D565-44EA-8DE3-4C69BC3CF8F5}.Debug|x64.Build.0 = Debug|Any CPU
		{4750128D-D565-44EA-8DE3-4C69BC3CF8F5}.Debug|x64.Deploy.0 = Debug|Any CPU
		{4750128D-D565-44EA-8DE3-4C69BC3CF8F5}.Debug|x86.ActiveCfg = Debug|Any CPU
		{4750128D-D565-44EA-8DE3-4C69BC3CF8F5}.Debug|x86.Build.0 = Debug|Any CPU
		{4750128D-D565-44EA-8DE3-4C69BC3CF8F5}.Debug|x86.Deploy.0 = Debug|Any CPU
		{4750128D-D565-44EA-8DE3-4C69BC3CF8F5}.Release|Any CPU.ActiveCfg = Release|Any CPU
		{4750128D-D565-44EA-8DE3-4C69BC3CF8F5}.Release|Any CPU.Build.0 = Release|Any CPU
		{4750128D-D565-44EA-8DE3-4C69BC3CF8F5}.Release|Any CPU.Deploy.0 = Release|Any CPU
		{4750128D-D565-44EA-8DE3-4C69BC3CF8F5}.Release|ARM.ActiveCfg = Release|Any CPU
		{4750128D-D565-44EA-8DE3-4C69BC3CF8F5}.Release|ARM.Build.0 = Release|Any CPU
		{4750128D-D565-44EA-8DE3-4C69BC3CF8F5}.Release|ARM.Deploy.0 = Release|Any CPU
		{4750128D-D565-44EA-8DE3-4C69BC3CF8F5}.Release|iPhone.ActiveCfg = Release|Any CPU
		{4750128D-D565-44EA-8DE3-4C69BC3CF8F5}.Release|iPhone.Build.0 = Release|Any CPU
		{4750128D-D565-44EA-8DE3-4C69BC3CF8F5}.Release|iPhone.Deploy.0 = Release|Any CPU
		{4750128D-D565-44EA-8DE3-4C69BC3CF8F5}.Release|iPhoneSimulator.ActiveCfg = Release|Any CPU
		{4750128D-D565-44EA-8DE3-4C69BC3CF8F5}.Release|iPhoneSimulator.Build.0 = Release|Any CPU
		{4750128D-D565-44EA-8DE3-4C69BC3CF8F5}.Release|iPhoneSimulator.Deploy.0 = Release|Any CPU
		{4750128D-D565-44EA-8DE3-4C69BC3CF8F5}.Release|x64.ActiveCfg = Release|Any CPU
		{4750128D-D565-44EA-8DE3-4C69BC3CF8F5}.Release|x64.Build.0 = Release|Any CPU
		{4750128D-D565-44EA-8DE3-4C69BC3CF8F5}.Release|x64.Deploy.0 = Release|Any CPU
		{4750128D-D565-44EA-8DE3-4C69BC3CF8F5}.Release|x86.ActiveCfg = Release|Any CPU
		{4750128D-D565-44EA-8DE3-4C69BC3CF8F5}.Release|x86.Build.0 = Release|Any CPU
		{4750128D-D565-44EA-8DE3-4C69BC3CF8F5}.Release|x86.Deploy.0 = Release|Any CPU
		{81127FF2-B376-4BBE-A1F4-0074A594F2B8}.Ad-Hoc|Any CPU.ActiveCfg = Ad-Hoc|iPhone
		{81127FF2-B376-4BBE-A1F4-0074A594F2B8}.Ad-Hoc|ARM.ActiveCfg = Ad-Hoc|iPhone
		{81127FF2-B376-4BBE-A1F4-0074A594F2B8}.Ad-Hoc|iPhone.ActiveCfg = Ad-Hoc|iPhone
		{81127FF2-B376-4BBE-A1F4-0074A594F2B8}.Ad-Hoc|iPhone.Build.0 = Ad-Hoc|iPhone
		{81127FF2-B376-4BBE-A1F4-0074A594F2B8}.Ad-Hoc|iPhoneSimulator.ActiveCfg = Ad-Hoc|iPhoneSimulator
		{81127FF2-B376-4BBE-A1F4-0074A594F2B8}.Ad-Hoc|iPhoneSimulator.Build.0 = Ad-Hoc|iPhoneSimulator
		{81127FF2-B376-4BBE-A1F4-0074A594F2B8}.Ad-Hoc|x64.ActiveCfg = Ad-Hoc|iPhone
		{81127FF2-B376-4BBE-A1F4-0074A594F2B8}.Ad-Hoc|x86.ActiveCfg = Ad-Hoc|iPhone
		{81127FF2-B376-4BBE-A1F4-0074A594F2B8}.AppStore|Any CPU.ActiveCfg = AppStore|iPhone
		{81127FF2-B376-4BBE-A1F4-0074A594F2B8}.AppStore|ARM.ActiveCfg = AppStore|iPhone
		{81127FF2-B376-4BBE-A1F4-0074A594F2B8}.AppStore|iPhone.ActiveCfg = AppStore|iPhone
		{81127FF2-B376-4BBE-A1F4-0074A594F2B8}.AppStore|iPhone.Build.0 = AppStore|iPhone
		{81127FF2-B376-4BBE-A1F4-0074A594F2B8}.AppStore|iPhoneSimulator.ActiveCfg = AppStore|iPhoneSimulator
		{81127FF2-B376-4BBE-A1F4-0074A594F2B8}.AppStore|iPhoneSimulator.Build.0 = AppStore|iPhoneSimulator
		{81127FF2-B376-4BBE-A1F4-0074A594F2B8}.AppStore|x64.ActiveCfg = AppStore|iPhone
		{81127FF2-B376-4BBE-A1F4-0074A594F2B8}.AppStore|x86.ActiveCfg = AppStore|iPhone
		{81127FF2-B376-4BBE-A1F4-0074A594F2B8}.Debug|Any CPU.ActiveCfg = Debug|iPhone
		{81127FF2-B376-4BBE-A1F4-0074A594F2B8}.Debug|ARM.ActiveCfg = Debug|iPhone
		{81127FF2-B376-4BBE-A1F4-0074A594F2B8}.Debug|iPhone.ActiveCfg = Debug|iPhone
		{81127FF2-B376-4BBE-A1F4-0074A594F2B8}.Debug|iPhone.Build.0 = Debug|iPhone
		{81127FF2-B376-4BBE-A1F4-0074A594F2B8}.Debug|iPhoneSimulator.ActiveCfg = Debug|iPhoneSimulator
		{81127FF2-B376-4BBE-A1F4-0074A594F2B8}.Debug|iPhoneSimulator.Build.0 = Debug|iPhoneSimulator
		{81127FF2-B376-4BBE-A1F4-0074A594F2B8}.Debug|x64.ActiveCfg = Debug|iPhone
		{81127FF2-B376-4BBE-A1F4-0074A594F2B8}.Debug|x86.ActiveCfg = Debug|iPhone
		{81127FF2-B376-4BBE-A1F4-0074A594F2B8}.Release|Any CPU.ActiveCfg = Release|iPhone
		{81127FF2-B376-4BBE-A1F4-0074A594F2B8}.Release|ARM.ActiveCfg = Release|iPhone
		{81127FF2-B376-4BBE-A1F4-0074A594F2B8}.Release|iPhone.ActiveCfg = Release|iPhone
		{81127FF2-B376-4BBE-A1F4-0074A594F2B8}.Release|iPhone.Build.0 = Release|iPhone
		{81127FF2-B376-4BBE-A1F4-0074A594F2B8}.Release|iPhoneSimulator.ActiveCfg = Release|iPhoneSimulator
		{81127FF2-B376-4BBE-A1F4-0074A594F2B8}.Release|iPhoneSimulator.Build.0 = Release|iPhoneSimulator
		{81127FF2-B376-4BBE-A1F4-0074A594F2B8}.Release|x64.ActiveCfg = Release|iPhone
		{81127FF2-B376-4BBE-A1F4-0074A594F2B8}.Release|x86.ActiveCfg = Release|iPhone
		{E93A31E6-A335-46CC-94D0-98872869BF9A}.Ad-Hoc|Any CPU.ActiveCfg = Release|Any CPU
		{E93A31E6-A335-46CC-94D0-98872869BF9A}.Ad-Hoc|Any CPU.Build.0 = Release|Any CPU
		{E93A31E6-A335-46CC-94D0-98872869BF9A}.Ad-Hoc|Any CPU.Deploy.0 = Release|Any CPU
		{E93A31E6-A335-46CC-94D0-98872869BF9A}.Ad-Hoc|ARM.ActiveCfg = Release|ARM
		{E93A31E6-A335-46CC-94D0-98872869BF9A}.Ad-Hoc|ARM.Build.0 = Release|ARM
		{E93A31E6-A335-46CC-94D0-98872869BF9A}.Ad-Hoc|ARM.Deploy.0 = Release|ARM
		{E93A31E6-A335-46CC-94D0-98872869BF9A}.Ad-Hoc|iPhone.ActiveCfg = Release|Any CPU
		{E93A31E6-A335-46CC-94D0-98872869BF9A}.Ad-Hoc|iPhone.Build.0 = Release|Any CPU
		{E93A31E6-A335-46CC-94D0-98872869BF9A}.Ad-Hoc|iPhone.Deploy.0 = Release|Any CPU
		{E93A31E6-A335-46CC-94D0-98872869BF9A}.Ad-Hoc|iPhoneSimulator.ActiveCfg = Release|Any CPU
		{E93A31E6-A335-46CC-94D0-98872869BF9A}.Ad-Hoc|iPhoneSimulator.Build.0 = Release|Any CPU
		{E93A31E6-A335-46CC-94D0-98872869BF9A}.Ad-Hoc|iPhoneSimulator.Deploy.0 = Release|Any CPU
		{E93A31E6-A335-46CC-94D0-98872869BF9A}.Ad-Hoc|x64.ActiveCfg = Release|Any CPU
		{E93A31E6-A335-46CC-94D0-98872869BF9A}.Ad-Hoc|x64.Build.0 = Release|Any CPU
		{E93A31E6-A335-46CC-94D0-98872869BF9A}.Ad-Hoc|x64.Deploy.0 = Release|Any CPU
		{E93A31E6-A335-46CC-94D0-98872869BF9A}.Ad-Hoc|x86.ActiveCfg = Release|x86
		{E93A31E6-A335-46CC-94D0-98872869BF9A}.Ad-Hoc|x86.Build.0 = Release|x86
		{E93A31E6-A335-46CC-94D0-98872869BF9A}.Ad-Hoc|x86.Deploy.0 = Release|x86
		{E93A31E6-A335-46CC-94D0-98872869BF9A}.AppStore|Any CPU.ActiveCfg = Release|Any CPU
		{E93A31E6-A335-46CC-94D0-98872869BF9A}.AppStore|Any CPU.Build.0 = Release|Any CPU
		{E93A31E6-A335-46CC-94D0-98872869BF9A}.AppStore|Any CPU.Deploy.0 = Release|Any CPU
		{E93A31E6-A335-46CC-94D0-98872869BF9A}.AppStore|ARM.ActiveCfg = Release|ARM
		{E93A31E6-A335-46CC-94D0-98872869BF9A}.AppStore|ARM.Build.0 = Release|ARM
		{E93A31E6-A335-46CC-94D0-98872869BF9A}.AppStore|ARM.Deploy.0 = Release|ARM
		{E93A31E6-A335-46CC-94D0-98872869BF9A}.AppStore|iPhone.ActiveCfg = Release|Any CPU
		{E93A31E6-A335-46CC-94D0-98872869BF9A}.AppStore|iPhone.Build.0 = Release|Any CPU
		{E93A31E6-A335-46CC-94D0-98872869BF9A}.AppStore|iPhone.Deploy.0 = Release|Any CPU
		{E93A31E6-A335-46CC-94D0-98872869BF9A}.AppStore|iPhoneSimulator.ActiveCfg = Release|Any CPU
		{E93A31E6-A335-46CC-94D0-98872869BF9A}.AppStore|iPhoneSimulator.Build.0 = Release|Any CPU
		{E93A31E6-A335-46CC-94D0-98872869BF9A}.AppStore|iPhoneSimulator.Deploy.0 = Release|Any CPU
		{E93A31E6-A335-46CC-94D0-98872869BF9A}.AppStore|x64.ActiveCfg = Release|Any CPU
		{E93A31E6-A335-46CC-94D0-98872869BF9A}.AppStore|x64.Build.0 = Release|Any CPU
		{E93A31E6-A335-46CC-94D0-98872869BF9A}.AppStore|x64.Deploy.0 = Release|Any CPU
		{E93A31E6-A335-46CC-94D0-98872869BF9A}.AppStore|x86.ActiveCfg = Release|x86
		{E93A31E6-A335-46CC-94D0-98872869BF9A}.AppStore|x86.Build.0 = Release|x86
		{E93A31E6-A335-46CC-94D0-98872869BF9A}.AppStore|x86.Deploy.0 = Release|x86
		{E93A31E6-A335-46CC-94D0-98872869BF9A}.Debug|Any CPU.ActiveCfg = Debug|Any CPU
		{E93A31E6-A335-46CC-94D0-98872869BF9A}.Debug|Any CPU.Build.0 = Debug|Any CPU
		{E93A31E6-A335-46CC-94D0-98872869BF9A}.Debug|Any CPU.Deploy.0 = Debug|Any CPU
		{E93A31E6-A335-46CC-94D0-98872869BF9A}.Debug|ARM.ActiveCfg = Debug|ARM
		{E93A31E6-A335-46CC-94D0-98872869BF9A}.Debug|ARM.Build.0 = Debug|ARM
		{E93A31E6-A335-46CC-94D0-98872869BF9A}.Debug|ARM.Deploy.0 = Debug|ARM
		{E93A31E6-A335-46CC-94D0-98872869BF9A}.Debug|iPhone.ActiveCfg = Debug|Any CPU
		{E93A31E6-A335-46CC-94D0-98872869BF9A}.Debug|iPhone.Build.0 = Debug|Any CPU
		{E93A31E6-A335-46CC-94D0-98872869BF9A}.Debug|iPhone.Deploy.0 = Debug|Any CPU
		{E93A31E6-A335-46CC-94D0-98872869BF9A}.Debug|iPhoneSimulator.ActiveCfg = Debug|Any CPU
		{E93A31E6-A335-46CC-94D0-98872869BF9A}.Debug|iPhoneSimulator.Build.0 = Debug|Any CPU
		{E93A31E6-A335-46CC-94D0-98872869BF9A}.Debug|iPhoneSimulator.Deploy.0 = Debug|Any CPU
		{E93A31E6-A335-46CC-94D0-98872869BF9A}.Debug|x64.ActiveCfg = Debug|Any CPU
		{E93A31E6-A335-46CC-94D0-98872869BF9A}.Debug|x64.Build.0 = Debug|Any CPU
		{E93A31E6-A335-46CC-94D0-98872869BF9A}.Debug|x64.Deploy.0 = Debug|Any CPU
		{E93A31E6-A335-46CC-94D0-98872869BF9A}.Debug|x86.ActiveCfg = Debug|x86
		{E93A31E6-A335-46CC-94D0-98872869BF9A}.Debug|x86.Build.0 = Debug|x86
		{E93A31E6-A335-46CC-94D0-98872869BF9A}.Debug|x86.Deploy.0 = Debug|x86
		{E93A31E6-A335-46CC-94D0-98872869BF9A}.Release|Any CPU.ActiveCfg = Release|Any CPU
		{E93A31E6-A335-46CC-94D0-98872869BF9A}.Release|Any CPU.Build.0 = Release|Any CPU
		{E93A31E6-A335-46CC-94D0-98872869BF9A}.Release|Any CPU.Deploy.0 = Release|Any CPU
		{E93A31E6-A335-46CC-94D0-98872869BF9A}.Release|ARM.ActiveCfg = Release|ARM
		{E93A31E6-A335-46CC-94D0-98872869BF9A}.Release|ARM.Build.0 = Release|ARM
		{E93A31E6-A335-46CC-94D0-98872869BF9A}.Release|ARM.Deploy.0 = Release|ARM
		{E93A31E6-A335-46CC-94D0-98872869BF9A}.Release|iPhone.ActiveCfg = Release|Any CPU
		{E93A31E6-A335-46CC-94D0-98872869BF9A}.Release|iPhone.Build.0 = Release|Any CPU
		{E93A31E6-A335-46CC-94D0-98872869BF9A}.Release|iPhone.Deploy.0 = Release|Any CPU
		{E93A31E6-A335-46CC-94D0-98872869BF9A}.Release|iPhoneSimulator.ActiveCfg = Release|Any CPU
		{E93A31E6-A335-46CC-94D0-98872869BF9A}.Release|iPhoneSimulator.Build.0 = Release|Any CPU
		{E93A31E6-A335-46CC-94D0-98872869BF9A}.Release|iPhoneSimulator.Deploy.0 = Release|Any CPU
		{E93A31E6-A335-46CC-94D0-98872869BF9A}.Release|x64.ActiveCfg = Release|Any CPU
		{E93A31E6-A335-46CC-94D0-98872869BF9A}.Release|x64.Build.0 = Release|Any CPU
		{E93A31E6-A335-46CC-94D0-98872869BF9A}.Release|x64.Deploy.0 = Release|Any CPU
		{E93A31E6-A335-46CC-94D0-98872869BF9A}.Release|x86.ActiveCfg = Release|x86
		{E93A31E6-A335-46CC-94D0-98872869BF9A}.Release|x86.Build.0 = Release|x86
		{E93A31E6-A335-46CC-94D0-98872869BF9A}.Release|x86.Deploy.0 = Release|x86
		{4A650D35-3A39-4116-B334-CB4FC8B8EC9F}.Ad-Hoc|Any CPU.ActiveCfg = Release|Any CPU
		{4A650D35-3A39-4116-B334-CB4FC8B8EC9F}.Ad-Hoc|Any CPU.Build.0 = Release|Any CPU
		{4A650D35-3A39-4116-B334-CB4FC8B8EC9F}.Ad-Hoc|Any CPU.Deploy.0 = Release|Any CPU
		{4A650D35-3A39-4116-B334-CB4FC8B8EC9F}.Ad-Hoc|ARM.ActiveCfg = Release|ARM
		{4A650D35-3A39-4116-B334-CB4FC8B8EC9F}.Ad-Hoc|ARM.Build.0 = Release|ARM
		{4A650D35-3A39-4116-B334-CB4FC8B8EC9F}.Ad-Hoc|ARM.Deploy.0 = Release|ARM
		{4A650D35-3A39-4116-B334-CB4FC8B8EC9F}.Ad-Hoc|iPhone.ActiveCfg = Release|Any CPU
		{4A650D35-3A39-4116-B334-CB4FC8B8EC9F}.Ad-Hoc|iPhone.Build.0 = Release|Any CPU
		{4A650D35-3A39-4116-B334-CB4FC8B8EC9F}.Ad-Hoc|iPhone.Deploy.0 = Release|Any CPU
		{4A650D35-3A39-4116-B334-CB4FC8B8EC9F}.Ad-Hoc|iPhoneSimulator.ActiveCfg = Release|Any CPU
		{4A650D35-3A39-4116-B334-CB4FC8B8EC9F}.Ad-Hoc|iPhoneSimulator.Build.0 = Release|Any CPU
		{4A650D35-3A39-4116-B334-CB4FC8B8EC9F}.Ad-Hoc|iPhoneSimulator.Deploy.0 = Release|Any CPU
		{4A650D35-3A39-4116-B334-CB4FC8B8EC9F}.Ad-Hoc|x64.ActiveCfg = Release|x64
		{4A650D35-3A39-4116-B334-CB4FC8B8EC9F}.Ad-Hoc|x64.Build.0 = Release|x64
		{4A650D35-3A39-4116-B334-CB4FC8B8EC9F}.Ad-Hoc|x64.Deploy.0 = Release|x64
		{4A650D35-3A39-4116-B334-CB4FC8B8EC9F}.Ad-Hoc|x86.ActiveCfg = Release|x86
		{4A650D35-3A39-4116-B334-CB4FC8B8EC9F}.Ad-Hoc|x86.Build.0 = Release|x86
		{4A650D35-3A39-4116-B334-CB4FC8B8EC9F}.Ad-Hoc|x86.Deploy.0 = Release|x86
		{4A650D35-3A39-4116-B334-CB4FC8B8EC9F}.AppStore|Any CPU.ActiveCfg = Release|Any CPU
		{4A650D35-3A39-4116-B334-CB4FC8B8EC9F}.AppStore|Any CPU.Build.0 = Release|Any CPU
		{4A650D35-3A39-4116-B334-CB4FC8B8EC9F}.AppStore|Any CPU.Deploy.0 = Release|Any CPU
		{4A650D35-3A39-4116-B334-CB4FC8B8EC9F}.AppStore|ARM.ActiveCfg = Release|ARM
		{4A650D35-3A39-4116-B334-CB4FC8B8EC9F}.AppStore|ARM.Build.0 = Release|ARM
		{4A650D35-3A39-4116-B334-CB4FC8B8EC9F}.AppStore|ARM.Deploy.0 = Release|ARM
		{4A650D35-3A39-4116-B334-CB4FC8B8EC9F}.AppStore|iPhone.ActiveCfg = Release|Any CPU
		{4A650D35-3A39-4116-B334-CB4FC8B8EC9F}.AppStore|iPhone.Build.0 = Release|Any CPU
		{4A650D35-3A39-4116-B334-CB4FC8B8EC9F}.AppStore|iPhone.Deploy.0 = Release|Any CPU
		{4A650D35-3A39-4116-B334-CB4FC8B8EC9F}.AppStore|iPhoneSimulator.ActiveCfg = Release|Any CPU
		{4A650D35-3A39-4116-B334-CB4FC8B8EC9F}.AppStore|iPhoneSimulator.Build.0 = Release|Any CPU
		{4A650D35-3A39-4116-B334-CB4FC8B8EC9F}.AppStore|iPhoneSimulator.Deploy.0 = Release|Any CPU
		{4A650D35-3A39-4116-B334-CB4FC8B8EC9F}.AppStore|x64.ActiveCfg = Release|x64
		{4A650D35-3A39-4116-B334-CB4FC8B8EC9F}.AppStore|x64.Build.0 = Release|x64
		{4A650D35-3A39-4116-B334-CB4FC8B8EC9F}.AppStore|x64.Deploy.0 = Release|x64
		{4A650D35-3A39-4116-B334-CB4FC8B8EC9F}.AppStore|x86.ActiveCfg = Release|x86
		{4A650D35-3A39-4116-B334-CB4FC8B8EC9F}.AppStore|x86.Build.0 = Release|x86
		{4A650D35-3A39-4116-B334-CB4FC8B8EC9F}.AppStore|x86.Deploy.0 = Release|x86
		{4A650D35-3A39-4116-B334-CB4FC8B8EC9F}.Debug|Any CPU.ActiveCfg = Debug|Any CPU
		{4A650D35-3A39-4116-B334-CB4FC8B8EC9F}.Debug|Any CPU.Build.0 = Debug|Any CPU
		{4A650D35-3A39-4116-B334-CB4FC8B8EC9F}.Debug|Any CPU.Deploy.0 = Debug|Any CPU
		{4A650D35-3A39-4116-B334-CB4FC8B8EC9F}.Debug|ARM.ActiveCfg = Debug|ARM
		{4A650D35-3A39-4116-B334-CB4FC8B8EC9F}.Debug|ARM.Build.0 = Debug|ARM
		{4A650D35-3A39-4116-B334-CB4FC8B8EC9F}.Debug|ARM.Deploy.0 = Debug|ARM
		{4A650D35-3A39-4116-B334-CB4FC8B8EC9F}.Debug|iPhone.ActiveCfg = Debug|Any CPU
		{4A650D35-3A39-4116-B334-CB4FC8B8EC9F}.Debug|iPhone.Build.0 = Debug|Any CPU
		{4A650D35-3A39-4116-B334-CB4FC8B8EC9F}.Debug|iPhone.Deploy.0 = Debug|Any CPU
		{4A650D35-3A39-4116-B334-CB4FC8B8EC9F}.Debug|iPhoneSimulator.ActiveCfg = Debug|Any CPU
		{4A650D35-3A39-4116-B334-CB4FC8B8EC9F}.Debug|iPhoneSimulator.Build.0 = Debug|Any CPU
		{4A650D35-3A39-4116-B334-CB4FC8B8EC9F}.Debug|iPhoneSimulator.Deploy.0 = Debug|Any CPU
		{4A650D35-3A39-4116-B334-CB4FC8B8EC9F}.Debug|x64.ActiveCfg = Debug|x64
		{4A650D35-3A39-4116-B334-CB4FC8B8EC9F}.Debug|x64.Build.0 = Debug|x64
		{4A650D35-3A39-4116-B334-CB4FC8B8EC9F}.Debug|x64.Deploy.0 = Debug|x64
		{4A650D35-3A39-4116-B334-CB4FC8B8EC9F}.Debug|x86.ActiveCfg = Debug|x86
		{4A650D35-3A39-4116-B334-CB4FC8B8EC9F}.Debug|x86.Build.0 = Debug|x86
		{4A650D35-3A39-4116-B334-CB4FC8B8EC9F}.Debug|x86.Deploy.0 = Debug|x86
		{4A650D35-3A39-4116-B334-CB4FC8B8EC9F}.Release|Any CPU.ActiveCfg = Release|Any CPU
		{4A650D35-3A39-4116-B334-CB4FC8B8EC9F}.Release|Any CPU.Build.0 = Release|Any CPU
		{4A650D35-3A39-4116-B334-CB4FC8B8EC9F}.Release|Any CPU.Deploy.0 = Release|Any CPU
		{4A650D35-3A39-4116-B334-CB4FC8B8EC9F}.Release|ARM.ActiveCfg = Release|ARM
		{4A650D35-3A39-4116-B334-CB4FC8B8EC9F}.Release|ARM.Build.0 = Release|ARM
		{4A650D35-3A39-4116-B334-CB4FC8B8EC9F}.Release|ARM.Deploy.0 = Release|ARM
		{4A650D35-3A39-4116-B334-CB4FC8B8EC9F}.Release|iPhone.ActiveCfg = Release|Any CPU
		{4A650D35-3A39-4116-B334-CB4FC8B8EC9F}.Release|iPhone.Build.0 = Release|Any CPU
		{4A650D35-3A39-4116-B334-CB4FC8B8EC9F}.Release|iPhone.Deploy.0 = Release|Any CPU
		{4A650D35-3A39-4116-B334-CB4FC8B8EC9F}.Release|iPhoneSimulator.ActiveCfg = Release|Any CPU
		{4A650D35-3A39-4116-B334-CB4FC8B8EC9F}.Release|iPhoneSimulator.Build.0 = Release|Any CPU
		{4A650D35-3A39-4116-B334-CB4FC8B8EC9F}.Release|iPhoneSimulator.Deploy.0 = Release|Any CPU
		{4A650D35-3A39-4116-B334-CB4FC8B8EC9F}.Release|x64.ActiveCfg = Release|x64
		{4A650D35-3A39-4116-B334-CB4FC8B8EC9F}.Release|x64.Build.0 = Release|x64
		{4A650D35-3A39-4116-B334-CB4FC8B8EC9F}.Release|x64.Deploy.0 = Release|x64
		{4A650D35-3A39-4116-B334-CB4FC8B8EC9F}.Release|x86.ActiveCfg = Release|x86
		{4A650D35-3A39-4116-B334-CB4FC8B8EC9F}.Release|x86.Build.0 = Release|x86
		{4A650D35-3A39-4116-B334-CB4FC8B8EC9F}.Release|x86.Deploy.0 = Release|x86
		{3FA7C8CB-2530-49C0-BA24-4080FBFD7743}.Ad-Hoc|Any CPU.ActiveCfg = Release|Any CPU
		{3FA7C8CB-2530-49C0-BA24-4080FBFD7743}.Ad-Hoc|Any CPU.Build.0 = Release|Any CPU
		{3FA7C8CB-2530-49C0-BA24-4080FBFD7743}.Ad-Hoc|ARM.ActiveCfg = Release|Any CPU
		{3FA7C8CB-2530-49C0-BA24-4080FBFD7743}.Ad-Hoc|ARM.Build.0 = Release|Any CPU
		{3FA7C8CB-2530-49C0-BA24-4080FBFD7743}.Ad-Hoc|iPhone.ActiveCfg = Release|Any CPU
		{3FA7C8CB-2530-49C0-BA24-4080FBFD7743}.Ad-Hoc|iPhone.Build.0 = Release|Any CPU
		{3FA7C8CB-2530-49C0-BA24-4080FBFD7743}.Ad-Hoc|iPhoneSimulator.ActiveCfg = Release|Any CPU
		{3FA7C8CB-2530-49C0-BA24-4080FBFD7743}.Ad-Hoc|iPhoneSimulator.Build.0 = Release|Any CPU
		{3FA7C8CB-2530-49C0-BA24-4080FBFD7743}.Ad-Hoc|x64.ActiveCfg = Release|Any CPU
		{3FA7C8CB-2530-49C0-BA24-4080FBFD7743}.Ad-Hoc|x64.Build.0 = Release|Any CPU
		{3FA7C8CB-2530-49C0-BA24-4080FBFD7743}.Ad-Hoc|x86.ActiveCfg = Release|Any CPU
		{3FA7C8CB-2530-49C0-BA24-4080FBFD7743}.Ad-Hoc|x86.Build.0 = Release|Any CPU
		{3FA7C8CB-2530-49C0-BA24-4080FBFD7743}.AppStore|Any CPU.ActiveCfg = Release|Any CPU
		{3FA7C8CB-2530-49C0-BA24-4080FBFD7743}.AppStore|Any CPU.Build.0 = Release|Any CPU
		{3FA7C8CB-2530-49C0-BA24-4080FBFD7743}.AppStore|ARM.ActiveCfg = Release|Any CPU
		{3FA7C8CB-2530-49C0-BA24-4080FBFD7743}.AppStore|ARM.Build.0 = Release|Any CPU
		{3FA7C8CB-2530-49C0-BA24-4080FBFD7743}.AppStore|iPhone.ActiveCfg = Release|Any CPU
		{3FA7C8CB-2530-49C0-BA24-4080FBFD7743}.AppStore|iPhone.Build.0 = Release|Any CPU
		{3FA7C8CB-2530-49C0-BA24-4080FBFD7743}.AppStore|iPhoneSimulator.ActiveCfg = Release|Any CPU
		{3FA7C8CB-2530-49C0-BA24-4080FBFD7743}.AppStore|iPhoneSimulator.Build.0 = Release|Any CPU
		{3FA7C8CB-2530-49C0-BA24-4080FBFD7743}.AppStore|x64.ActiveCfg = Release|Any CPU
		{3FA7C8CB-2530-49C0-BA24-4080FBFD7743}.AppStore|x64.Build.0 = Release|Any CPU
		{3FA7C8CB-2530-49C0-BA24-4080FBFD7743}.AppStore|x86.ActiveCfg = Release|Any CPU
		{3FA7C8CB-2530-49C0-BA24-4080FBFD7743}.AppStore|x86.Build.0 = Release|Any CPU
		{3FA7C8CB-2530-49C0-BA24-4080FBFD7743}.Debug|Any CPU.ActiveCfg = Debug|Any CPU
		{3FA7C8CB-2530-49C0-BA24-4080FBFD7743}.Debug|Any CPU.Build.0 = Debug|Any CPU
		{3FA7C8CB-2530-49C0-BA24-4080FBFD7743}.Debug|ARM.ActiveCfg = Debug|Any CPU
		{3FA7C8CB-2530-49C0-BA24-4080FBFD7743}.Debug|ARM.Build.0 = Debug|Any CPU
		{3FA7C8CB-2530-49C0-BA24-4080FBFD7743}.Debug|iPhone.ActiveCfg = Debug|Any CPU
		{3FA7C8CB-2530-49C0-BA24-4080FBFD7743}.Debug|iPhone.Build.0 = Debug|Any CPU
		{3FA7C8CB-2530-49C0-BA24-4080FBFD7743}.Debug|iPhoneSimulator.ActiveCfg = Debug|Any CPU
		{3FA7C8CB-2530-49C0-BA24-4080FBFD7743}.Debug|iPhoneSimulator.Build.0 = Debug|Any CPU
		{3FA7C8CB-2530-49C0-BA24-4080FBFD7743}.Debug|x64.ActiveCfg = Debug|Any CPU
		{3FA7C8CB-2530-49C0-BA24-4080FBFD7743}.Debug|x64.Build.0 = Debug|Any CPU
		{3FA7C8CB-2530-49C0-BA24-4080FBFD7743}.Debug|x86.ActiveCfg = Debug|Any CPU
		{3FA7C8CB-2530-49C0-BA24-4080FBFD7743}.Debug|x86.Build.0 = Debug|Any CPU
		{3FA7C8CB-2530-49C0-BA24-4080FBFD7743}.Release|Any CPU.ActiveCfg = Release|Any CPU
		{3FA7C8CB-2530-49C0-BA24-4080FBFD7743}.Release|Any CPU.Build.0 = Release|Any CPU
		{3FA7C8CB-2530-49C0-BA24-4080FBFD7743}.Release|ARM.ActiveCfg = Release|Any CPU
		{3FA7C8CB-2530-49C0-BA24-4080FBFD7743}.Release|ARM.Build.0 = Release|Any CPU
		{3FA7C8CB-2530-49C0-BA24-4080FBFD7743}.Release|iPhone.ActiveCfg = Release|Any CPU
		{3FA7C8CB-2530-49C0-BA24-4080FBFD7743}.Release|iPhone.Build.0 = Release|Any CPU
		{3FA7C8CB-2530-49C0-BA24-4080FBFD7743}.Release|iPhoneSimulator.ActiveCfg = Release|Any CPU
		{3FA7C8CB-2530-49C0-BA24-4080FBFD7743}.Release|iPhoneSimulator.Build.0 = Release|Any CPU
		{3FA7C8CB-2530-49C0-BA24-4080FBFD7743}.Release|x64.ActiveCfg = Release|Any CPU
		{3FA7C8CB-2530-49C0-BA24-4080FBFD7743}.Release|x64.Build.0 = Release|Any CPU
		{3FA7C8CB-2530-49C0-BA24-4080FBFD7743}.Release|x86.ActiveCfg = Release|Any CPU
		{3FA7C8CB-2530-49C0-BA24-4080FBFD7743}.Release|x86.Build.0 = Release|Any CPU
	EndGlobalSection
	GlobalSection(SolutionProperties) = preSolution
		HideSolutionNode = FALSE
	EndGlobalSection
EndGlobal
