
Microsoft Visual Studio Solution File, Format Version 12.00
# Visual Studio 14
VisualStudioVersion = 14.0.25420.1
MinimumVisualStudioVersion = 10.0.40219.1
Project("{FAE04EC0-301F-11D3-BF4B-00C04F79EFBC}") = "Challenge02.Droid", "Challenge02\Challenge02.Droid\Challenge02.Droid.csproj", "{88D13D8D-83B9-4934-971A-15566507E714}"
EndProject
Project("{FAE04EC0-301F-11D3-BF4B-00C04F79EFBC}") = "Challenge02.iOS", "Challenge02\Challenge02.iOS\Challenge02.iOS.csproj", "{DB93C828-4F17-4315-AF47-11439134E8FB}"
EndProject
Project("{FAE04EC0-301F-11D3-BF4B-00C04F79EFBC}") = "Challenge02.WinPhone", "Challenge02\Challenge02.WinPhone\Challenge02.WinPhone.csproj", "{765DF13D-A460-4422-BB2A-57F1D1A91468}"
EndProject
Project("{FAE04EC0-301F-11D3-BF4B-00C04F79EFBC}") = "Challenge02.Windows", "Challenge02\Challenge02.Windows\Challenge02.Windows.csproj", "{964FB567-3741-48F8-9E21-4A4B6A95261A}"
EndProject
Project("{FAE04EC0-301F-11D3-BF4B-00C04F79EFBC}") = "Challenge02", "Challenge02\Challenge02\Challenge02.csproj", "{E67AB75B-9D10-4257-B376-53C1E4608396}"
EndProject
Global
	GlobalSection(SolutionConfigurationPlatforms) = preSolution
		Ad-Hoc|Any CPU = Ad-Hoc|Any CPU
		Ad-Hoc|ARM = Ad-Hoc|ARM
		Ad-Hoc|iPhone = Ad-Hoc|iPhone
		Ad-Hoc|iPhoneSimulator = Ad-Hoc|iPhoneSimulator
		Ad-Hoc|x64 = Ad-Hoc|x64
		Ad-Hoc|x86 = Ad-Hoc|x86
		AppStore|Any CPU = AppStore|Any CPU
		AppStore|ARM = AppStore|ARM
		AppStore|iPhone = AppStore|iPhone
		AppStore|iPhoneSimulator = AppStore|iPhoneSimulator
		AppStore|x64 = AppStore|x64
		AppStore|x86 = AppStore|x86
		Debug|Any CPU = Debug|Any CPU
		Debug|ARM = Debug|ARM
		Debug|iPhone = Debug|iPhone
		Debug|iPhoneSimulator = Debug|iPhoneSimulator
		Debug|x64 = Debug|x64
		Debug|x86 = Debug|x86
		Release|Any CPU = Release|Any CPU
		Release|ARM = Release|ARM
		Release|iPhone = Release|iPhone
		Release|iPhoneSimulator = Release|iPhoneSimulator
		Release|x64 = Release|x64
		Release|x86 = Release|x86
	EndGlobalSection
	GlobalSection(ProjectConfigurationPlatforms) = postSolution
		{88D13D8D-83B9-4934-971A-15566507E714}.Ad-Hoc|Any CPU.ActiveCfg = Release|Any CPU
		{88D13D8D-83B9-4934-971A-15566507E714}.Ad-Hoc|Any CPU.Build.0 = Release|Any CPU
		{88D13D8D-83B9-4934-971A-15566507E714}.Ad-Hoc|Any CPU.Deploy.0 = Release|Any CPU
		{88D13D8D-83B9-4934-971A-15566507E714}.Ad-Hoc|ARM.ActiveCfg = Release|Any CPU
		{88D13D8D-83B9-4934-971A-15566507E714}.Ad-Hoc|ARM.Build.0 = Release|Any CPU
		{88D13D8D-83B9-4934-971A-15566507E714}.Ad-Hoc|ARM.Deploy.0 = Release|Any CPU
		{88D13D8D-83B9-4934-971A-15566507E714}.Ad-Hoc|iPhone.ActiveCfg = Release|Any CPU
		{88D13D8D-83B9-4934-971A-15566507E714}.Ad-Hoc|iPhone.Build.0 = Release|Any CPU
		{88D13D8D-83B9-4934-971A-15566507E714}.Ad-Hoc|iPhone.Deploy.0 = Release|Any CPU
		{88D13D8D-83B9-4934-971A-15566507E714}.Ad-Hoc|iPhoneSimulator.ActiveCfg = Release|Any CPU
		{88D13D8D-83B9-4934-971A-15566507E714}.Ad-Hoc|iPhoneSimulator.Build.0 = Release|Any CPU
		{88D13D8D-83B9-4934-971A-15566507E714}.Ad-Hoc|iPhoneSimulator.Deploy.0 = Release|Any CPU
		{88D13D8D-83B9-4934-971A-15566507E714}.Ad-Hoc|x64.ActiveCfg = Release|Any CPU
		{88D13D8D-83B9-4934-971A-15566507E714}.Ad-Hoc|x64.Build.0 = Release|Any CPU
		{88D13D8D-83B9-4934-971A-15566507E714}.Ad-Hoc|x64.Deploy.0 = Release|Any CPU
		{88D13D8D-83B9-4934-971A-15566507E714}.Ad-Hoc|x86.ActiveCfg = Release|Any CPU
		{88D13D8D-83B9-4934-971A-15566507E714}.Ad-Hoc|x86.Build.0 = Release|Any CPU
		{88D13D8D-83B9-4934-971A-15566507E714}.Ad-Hoc|x86.Deploy.0 = Release|Any CPU
		{88D13D8D-83B9-4934-971A-15566507E714}.AppStore|Any CPU.ActiveCfg = Release|Any CPU
		{88D13D8D-83B9-4934-971A-15566507E714}.AppStore|Any CPU.Build.0 = Release|Any CPU
		{88D13D8D-83B9-4934-971A-15566507E714}.AppStore|Any CPU.Deploy.0 = Release|Any CPU
		{88D13D8D-83B9-4934-971A-15566507E714}.AppStore|ARM.ActiveCfg = Release|Any CPU
		{88D13D8D-83B9-4934-971A-15566507E714}.AppStore|ARM.Build.0 = Release|Any CPU
		{88D13D8D-83B9-4934-971A-15566507E714}.AppStore|ARM.Deploy.0 = Release|Any CPU
		{88D13D8D-83B9-4934-971A-15566507E714}.AppStore|iPhone.ActiveCfg = Release|Any CPU
		{88D13D8D-83B9-4934-971A-15566507E714}.AppStore|iPhone.Build.0 = Release|Any CPU
		{88D13D8D-83B9-4934-971A-15566507E714}.AppStore|iPhone.Deploy.0 = Release|Any CPU
		{88D13D8D-83B9-4934-971A-15566507E714}.AppStore|iPhoneSimulator.ActiveCfg = Release|Any CPU
		{88D13D8D-83B9-4934-971A-15566507E714}.AppStore|iPhoneSimulator.Build.0 = Release|Any CPU
		{88D13D8D-83B9-4934-971A-15566507E714}.AppStore|iPhoneSimulator.Deploy.0 = Release|Any CPU
		{88D13D8D-83B9-4934-971A-15566507E714}.AppStore|x64.ActiveCfg = Release|Any CPU
		{88D13D8D-83B9-4934-971A-15566507E714}.AppStore|x64.Build.0 = Release|Any CPU
		{88D13D8D-83B9-4934-971A-15566507E714}.AppStore|x64.Deploy.0 = Release|Any CPU
		{88D13D8D-83B9-4934-971A-15566507E714}.AppStore|x86.ActiveCfg = Release|Any CPU
		{88D13D8D-83B9-4934-971A-15566507E714}.AppStore|x86.Build.0 = Release|Any CPU
		{88D13D8D-83B9-4934-971A-15566507E714}.AppStore|x86.Deploy.0 = Release|Any CPU
		{88D13D8D-83B9-4934-971A-15566507E714}.Debug|Any CPU.ActiveCfg = Debug|Any CPU
		{88D13D8D-83B9-4934-971A-15566507E714}.Debug|Any CPU.Build.0 = Debug|Any CPU
		{88D13D8D-83B9-4934-971A-15566507E714}.Debug|Any CPU.Deploy.0 = Debug|Any CPU
		{88D13D8D-83B9-4934-971A-15566507E714}.Debug|ARM.ActiveCfg = Debug|Any CPU
		{88D13D8D-83B9-4934-971A-15566507E714}.Debug|ARM.Build.0 = Debug|Any CPU
		{88D13D8D-83B9-4934-971A-15566507E714}.Debug|ARM.Deploy.0 = Debug|Any CPU
		{88D13D8D-83B9-4934-971A-15566507E714}.Debug|iPhone.ActiveCfg = Debug|Any CPU
		{88D13D8D-83B9-4934-971A-15566507E714}.Debug|iPhone.Build.0 = Debug|Any CPU
		{88D13D8D-83B9-4934-971A-15566507E714}.Debug|iPhone.Deploy.0 = Debug|Any CPU
		{88D13D8D-83B9-4934-971A-15566507E714}.Debug|iPhoneSimulator.ActiveCfg = Debug|Any CPU
		{88D13D8D-83B9-4934-971A-15566507E714}.Debug|iPhoneSimulator.Build.0 = Debug|Any CPU
		{88D13D8D-83B9-4934-971A-15566507E714}.Debug|iPhoneSimulator.Deploy.0 = Debug|Any CPU
		{88D13D8D-83B9-4934-971A-15566507E714}.Debug|x64.ActiveCfg = Debug|Any CPU
		{88D13D8D-83B9-4934-971A-15566507E714}.Debug|x64.Build.0 = Debug|Any CPU
		{88D13D8D-83B9-4934-971A-15566507E714}.Debug|x64.Deploy.0 = Debug|Any CPU
		{88D13D8D-83B9-4934-971A-15566507E714}.Debug|x86.ActiveCfg = Debug|Any CPU
		{88D13D8D-83B9-4934-971A-15566507E714}.Debug|x86.Build.0 = Debug|Any CPU
		{88D13D8D-83B9-4934-971A-15566507E714}.Debug|x86.Deploy.0 = Debug|Any CPU
		{88D13D8D-83B9-4934-971A-15566507E714}.Release|Any CPU.ActiveCfg = Release|Any CPU
		{88D13D8D-83B9-4934-971A-15566507E714}.Release|Any CPU.Build.0 = Release|Any CPU
		{88D13D8D-83B9-4934-971A-15566507E714}.Release|Any CPU.Deploy.0 = Release|Any CPU
		{88D13D8D-83B9-4934-971A-15566507E714}.Release|ARM.ActiveCfg = Release|Any CPU
		{88D13D8D-83B9-4934-971A-15566507E714}.Release|ARM.Build.0 = Release|Any CPU
		{88D13D8D-83B9-4934-971A-15566507E714}.Release|ARM.Deploy.0 = Release|Any CPU
		{88D13D8D-83B9-4934-971A-15566507E714}.Release|iPhone.ActiveCfg = Release|Any CPU
		{88D13D8D-83B9-4934-971A-15566507E714}.Release|iPhone.Build.0 = Release|Any CPU
		{88D13D8D-83B9-4934-971A-15566507E714}.Release|iPhone.Deploy.0 = Release|Any CPU
		{88D13D8D-83B9-4934-971A-15566507E714}.Release|iPhoneSimulator.ActiveCfg = Release|Any CPU
		{88D13D8D-83B9-4934-971A-15566507E714}.Release|iPhoneSimulator.Build.0 = Release|Any CPU
		{88D13D8D-83B9-4934-971A-15566507E714}.Release|iPhoneSimulator.Deploy.0 = Release|Any CPU
		{88D13D8D-83B9-4934-971A-15566507E714}.Release|x64.ActiveCfg = Release|Any CPU
		{88D13D8D-83B9-4934-971A-15566507E714}.Release|x64.Build.0 = Release|Any CPU
		{88D13D8D-83B9-4934-971A-15566507E714}.Release|x64.Deploy.0 = Release|Any CPU
		{88D13D8D-83B9-4934-971A-15566507E714}.Release|x86.ActiveCfg = Release|Any CPU
		{88D13D8D-83B9-4934-971A-15566507E714}.Release|x86.Build.0 = Release|Any CPU
		{88D13D8D-83B9-4934-971A-15566507E714}.Release|x86.Deploy.0 = Release|Any CPU
		{DB93C828-4F17-4315-AF47-11439134E8FB}.Ad-Hoc|Any CPU.ActiveCfg = Ad-Hoc|iPhone
		{DB93C828-4F17-4315-AF47-11439134E8FB}.Ad-Hoc|ARM.ActiveCfg = Ad-Hoc|iPhone
		{DB93C828-4F17-4315-AF47-11439134E8FB}.Ad-Hoc|iPhone.ActiveCfg = Ad-Hoc|iPhone
		{DB93C828-4F17-4315-AF47-11439134E8FB}.Ad-Hoc|iPhone.Build.0 = Ad-Hoc|iPhone
		{DB93C828-4F17-4315-AF47-11439134E8FB}.Ad-Hoc|iPhoneSimulator.ActiveCfg = Ad-Hoc|iPhoneSimulator
		{DB93C828-4F17-4315-AF47-11439134E8FB}.Ad-Hoc|iPhoneSimulator.Build.0 = Ad-Hoc|iPhoneSimulator
		{DB93C828-4F17-4315-AF47-11439134E8FB}.Ad-Hoc|x64.ActiveCfg = Ad-Hoc|iPhone
		{DB93C828-4F17-4315-AF47-11439134E8FB}.Ad-Hoc|x86.ActiveCfg = Ad-Hoc|iPhone
		{DB93C828-4F17-4315-AF47-11439134E8FB}.AppStore|Any CPU.ActiveCfg = AppStore|iPhone
		{DB93C828-4F17-4315-AF47-11439134E8FB}.AppStore|ARM.ActiveCfg = AppStore|iPhone
		{DB93C828-4F17-4315-AF47-11439134E8FB}.AppStore|iPhone.ActiveCfg = AppStore|iPhone
		{DB93C828-4F17-4315-AF47-11439134E8FB}.AppStore|iPhone.Build.0 = AppStore|iPhone
		{DB93C828-4F17-4315-AF47-11439134E8FB}.AppStore|iPhoneSimulator.ActiveCfg = AppStore|iPhoneSimulator
		{DB93C828-4F17-4315-AF47-11439134E8FB}.AppStore|iPhoneSimulator.Build.0 = AppStore|iPhoneSimulator
		{DB93C828-4F17-4315-AF47-11439134E8FB}.AppStore|x64.ActiveCfg = AppStore|iPhone
		{DB93C828-4F17-4315-AF47-11439134E8FB}.AppStore|x86.ActiveCfg = AppStore|iPhone
		{DB93C828-4F17-4315-AF47-11439134E8FB}.Debug|Any CPU.ActiveCfg = Debug|iPhone
		{DB93C828-4F17-4315-AF47-11439134E8FB}.Debug|ARM.ActiveCfg = Debug|iPhone
		{DB93C828-4F17-4315-AF47-11439134E8FB}.Debug|iPhone.ActiveCfg = Debug|iPhone
		{DB93C828-4F17-4315-AF47-11439134E8FB}.Debug|iPhone.Build.0 = Debug|iPhone
		{DB93C828-4F17-4315-AF47-11439134E8FB}.Debug|iPhoneSimulator.ActiveCfg = Debug|iPhoneSimulator
		{DB93C828-4F17-4315-AF47-11439134E8FB}.Debug|iPhoneSimulator.Build.0 = Debug|iPhoneSimulator
		{DB93C828-4F17-4315-AF47-11439134E8FB}.Debug|x64.ActiveCfg = Debug|iPhone
		{DB93C828-4F17-4315-AF47-11439134E8FB}.Debug|x86.ActiveCfg = Debug|iPhone
		{DB93C828-4F17-4315-AF47-11439134E8FB}.Release|Any CPU.ActiveCfg = Release|iPhone
		{DB93C828-4F17-4315-AF47-11439134E8FB}.Release|ARM.ActiveCfg = Release|iPhone
		{DB93C828-4F17-4315-AF47-11439134E8FB}.Release|iPhone.ActiveCfg = Release|iPhone
		{DB93C828-4F17-4315-AF47-11439134E8FB}.Release|iPhone.Build.0 = Release|iPhone
		{DB93C828-4F17-4315-AF47-11439134E8FB}.Release|iPhoneSimulator.ActiveCfg = Release|iPhoneSimulator
		{DB93C828-4F17-4315-AF47-11439134E8FB}.Release|iPhoneSimulator.Build.0 = Release|iPhoneSimulator
		{DB93C828-4F17-4315-AF47-11439134E8FB}.Release|x64.ActiveCfg = Release|iPhone
		{DB93C828-4F17-4315-AF47-11439134E8FB}.Release|x86.ActiveCfg = Release|iPhone
		{765DF13D-A460-4422-BB2A-57F1D1A91468}.Ad-Hoc|Any CPU.ActiveCfg = Release|Any CPU
		{765DF13D-A460-4422-BB2A-57F1D1A91468}.Ad-Hoc|Any CPU.Build.0 = Release|Any CPU
		{765DF13D-A460-4422-BB2A-57F1D1A91468}.Ad-Hoc|Any CPU.Deploy.0 = Release|Any CPU
		{765DF13D-A460-4422-BB2A-57F1D1A91468}.Ad-Hoc|ARM.ActiveCfg = Release|ARM
		{765DF13D-A460-4422-BB2A-57F1D1A91468}.Ad-Hoc|ARM.Build.0 = Release|ARM
		{765DF13D-A460-4422-BB2A-57F1D1A91468}.Ad-Hoc|ARM.Deploy.0 = Release|ARM
		{765DF13D-A460-4422-BB2A-57F1D1A91468}.Ad-Hoc|iPhone.ActiveCfg = Release|Any CPU
		{765DF13D-A460-4422-BB2A-57F1D1A91468}.Ad-Hoc|iPhone.Build.0 = Release|Any CPU
		{765DF13D-A460-4422-BB2A-57F1D1A91468}.Ad-Hoc|iPhone.Deploy.0 = Release|Any CPU
		{765DF13D-A460-4422-BB2A-57F1D1A91468}.Ad-Hoc|iPhoneSimulator.ActiveCfg = Release|Any CPU
		{765DF13D-A460-4422-BB2A-57F1D1A91468}.Ad-Hoc|iPhoneSimulator.Build.0 = Release|Any CPU
		{765DF13D-A460-4422-BB2A-57F1D1A91468}.Ad-Hoc|iPhoneSimulator.Deploy.0 = Release|Any CPU
		{765DF13D-A460-4422-BB2A-57F1D1A91468}.Ad-Hoc|x64.ActiveCfg = Release|Any CPU
		{765DF13D-A460-4422-BB2A-57F1D1A91468}.Ad-Hoc|x64.Build.0 = Release|Any CPU
		{765DF13D-A460-4422-BB2A-57F1D1A91468}.Ad-Hoc|x64.Deploy.0 = Release|Any CPU
		{765DF13D-A460-4422-BB2A-57F1D1A91468}.Ad-Hoc|x86.ActiveCfg = Release|x86
		{765DF13D-A460-4422-BB2A-57F1D1A91468}.Ad-Hoc|x86.Build.0 = Release|x86
		{765DF13D-A460-4422-BB2A-57F1D1A91468}.Ad-Hoc|x86.Deploy.0 = Release|x86
		{765DF13D-A460-4422-BB2A-57F1D1A91468}.AppStore|Any CPU.ActiveCfg = Release|Any CPU
		{765DF13D-A460-4422-BB2A-57F1D1A91468}.AppStore|Any CPU.Build.0 = Release|Any CPU
		{765DF13D-A460-4422-BB2A-57F1D1A91468}.AppStore|Any CPU.Deploy.0 = Release|Any CPU
		{765DF13D-A460-4422-BB2A-57F1D1A91468}.AppStore|ARM.ActiveCfg = Release|ARM
		{765DF13D-A460-4422-BB2A-57F1D1A91468}.AppStore|ARM.Build.0 = Release|ARM
		{765DF13D-A460-4422-BB2A-57F1D1A91468}.AppStore|ARM.Deploy.0 = Release|ARM
		{765DF13D-A460-4422-BB2A-57F1D1A91468}.AppStore|iPhone.ActiveCfg = Release|Any CPU
		{765DF13D-A460-4422-BB2A-57F1D1A91468}.AppStore|iPhone.Build.0 = Release|Any CPU
		{765DF13D-A460-4422-BB2A-57F1D1A91468}.AppStore|iPhone.Deploy.0 = Release|Any CPU
		{765DF13D-A460-4422-BB2A-57F1D1A91468}.AppStore|iPhoneSimulator.ActiveCfg = Release|Any CPU
		{765DF13D-A460-4422-BB2A-57F1D1A91468}.AppStore|iPhoneSimulator.Build.0 = Release|Any CPU
		{765DF13D-A460-4422-BB2A-57F1D1A91468}.AppStore|iPhoneSimulator.Deploy.0 = Release|Any CPU
		{765DF13D-A460-4422-BB2A-57F1D1A91468}.AppStore|x64.ActiveCfg = Release|Any CPU
		{765DF13D-A460-4422-BB2A-57F1D1A91468}.AppStore|x64.Build.0 = Release|Any CPU
		{765DF13D-A460-4422-BB2A-57F1D1A91468}.AppStore|x64.Deploy.0 = Release|Any CPU
		{765DF13D-A460-4422-BB2A-57F1D1A91468}.AppStore|x86.ActiveCfg = Release|x86
		{765DF13D-A460-4422-BB2A-57F1D1A91468}.AppStore|x86.Build.0 = Release|x86
		{765DF13D-A460-4422-BB2A-57F1D1A91468}.AppStore|x86.Deploy.0 = Release|x86
		{765DF13D-A460-4422-BB2A-57F1D1A91468}.Debug|Any CPU.ActiveCfg = Debug|Any CPU
		{765DF13D-A460-4422-BB2A-57F1D1A91468}.Debug|Any CPU.Build.0 = Debug|Any CPU
		{765DF13D-A460-4422-BB2A-57F1D1A91468}.Debug|Any CPU.Deploy.0 = Debug|Any CPU
		{765DF13D-A460-4422-BB2A-57F1D1A91468}.Debug|ARM.ActiveCfg = Debug|ARM
		{765DF13D-A460-4422-BB2A-57F1D1A91468}.Debug|ARM.Build.0 = Debug|ARM
		{765DF13D-A460-4422-BB2A-57F1D1A91468}.Debug|ARM.Deploy.0 = Debug|ARM
		{765DF13D-A460-4422-BB2A-57F1D1A91468}.Debug|iPhone.ActiveCfg = Debug|Any CPU
		{765DF13D-A460-4422-BB2A-57F1D1A91468}.Debug|iPhone.Build.0 = Debug|Any CPU
		{765DF13D-A460-4422-BB2A-57F1D1A91468}.Debug|iPhone.Deploy.0 = Debug|Any CPU
		{765DF13D-A460-4422-BB2A-57F1D1A91468}.Debug|iPhoneSimulator.ActiveCfg = Debug|Any CPU
		{765DF13D-A460-4422-BB2A-57F1D1A91468}.Debug|iPhoneSimulator.Build.0 = Debug|Any CPU
		{765DF13D-A460-4422-BB2A-57F1D1A91468}.Debug|iPhoneSimulator.Deploy.0 = Debug|Any CPU
		{765DF13D-A460-4422-BB2A-57F1D1A91468}.Debug|x64.ActiveCfg = Debug|Any CPU
		{765DF13D-A460-4422-BB2A-57F1D1A91468}.Debug|x64.Build.0 = Debug|Any CPU
		{765DF13D-A460-4422-BB2A-57F1D1A91468}.Debug|x64.Deploy.0 = Debug|Any CPU
		{765DF13D-A460-4422-BB2A-57F1D1A91468}.Debug|x86.ActiveCfg = Debug|x86
		{765DF13D-A460-4422-BB2A-57F1D1A91468}.Debug|x86.Build.0 = Debug|x86
		{765DF13D-A460-4422-BB2A-57F1D1A91468}.Debug|x86.Deploy.0 = Debug|x86
		{765DF13D-A460-4422-BB2A-57F1D1A91468}.Release|Any CPU.ActiveCfg = Release|Any CPU
		{765DF13D-A460-4422-BB2A-57F1D1A91468}.Release|Any CPU.Build.0 = Release|Any CPU
		{765DF13D-A460-4422-BB2A-57F1D1A91468}.Release|Any CPU.Deploy.0 = Release|Any CPU
		{765DF13D-A460-4422-BB2A-57F1D1A91468}.Release|ARM.ActiveCfg = Release|ARM
		{765DF13D-A460-4422-BB2A-57F1D1A91468}.Release|ARM.Build.0 = Release|ARM
		{765DF13D-A460-4422-BB2A-57F1D1A91468}.Release|ARM.Deploy.0 = Release|ARM
		{765DF13D-A460-4422-BB2A-57F1D1A91468}.Release|iPhone.ActiveCfg = Release|Any CPU
		{765DF13D-A460-4422-BB2A-57F1D1A91468}.Release|iPhone.Build.0 = Release|Any CPU
		{765DF13D-A460-4422-BB2A-57F1D1A91468}.Release|iPhone.Deploy.0 = Release|Any CPU
		{765DF13D-A460-4422-BB2A-57F1D1A91468}.Release|iPhoneSimulator.ActiveCfg = Release|Any CPU
		{765DF13D-A460-4422-BB2A-57F1D1A91468}.Release|iPhoneSimulator.Build.0 = Release|Any CPU
		{765DF13D-A460-4422-BB2A-57F1D1A91468}.Release|iPhoneSimulator.Deploy.0 = Release|Any CPU
		{765DF13D-A460-4422-BB2A-57F1D1A91468}.Release|x64.ActiveCfg = Release|Any CPU
		{765DF13D-A460-4422-BB2A-57F1D1A91468}.Release|x64.Build.0 = Release|Any CPU
		{765DF13D-A460-4422-BB2A-57F1D1A91468}.Release|x64.Deploy.0 = Release|Any CPU
		{765DF13D-A460-4422-BB2A-57F1D1A91468}.Release|x86.ActiveCfg = Release|x86
		{765DF13D-A460-4422-BB2A-57F1D1A91468}.Release|x86.Build.0 = Release|x86
		{765DF13D-A460-4422-BB2A-57F1D1A91468}.Release|x86.Deploy.0 = Release|x86
		{964FB567-3741-48F8-9E21-4A4B6A95261A}.Ad-Hoc|Any CPU.ActiveCfg = Release|Any CPU
		{964FB567-3741-48F8-9E21-4A4B6A95261A}.Ad-Hoc|Any CPU.Build.0 = Release|Any CPU
		{964FB567-3741-48F8-9E21-4A4B6A95261A}.Ad-Hoc|Any CPU.Deploy.0 = Release|Any CPU
		{964FB567-3741-48F8-9E21-4A4B6A95261A}.Ad-Hoc|ARM.ActiveCfg = Release|ARM
		{964FB567-3741-48F8-9E21-4A4B6A95261A}.Ad-Hoc|ARM.Build.0 = Release|ARM
		{964FB567-3741-48F8-9E21-4A4B6A95261A}.Ad-Hoc|ARM.Deploy.0 = Release|ARM
		{964FB567-3741-48F8-9E21-4A4B6A95261A}.Ad-Hoc|iPhone.ActiveCfg = Release|Any CPU
		{964FB567-3741-48F8-9E21-4A4B6A95261A}.Ad-Hoc|iPhone.Build.0 = Release|Any CPU
		{964FB567-3741-48F8-9E21-4A4B6A95261A}.Ad-Hoc|iPhone.Deploy.0 = Release|Any CPU
		{964FB567-3741-48F8-9E21-4A4B6A95261A}.Ad-Hoc|iPhoneSimulator.ActiveCfg = Release|Any CPU
		{964FB567-3741-48F8-9E21-4A4B6A95261A}.Ad-Hoc|iPhoneSimulator.Build.0 = Release|Any CPU
		{964FB567-3741-48F8-9E21-4A4B6A95261A}.Ad-Hoc|iPhoneSimulator.Deploy.0 = Release|Any CPU
		{964FB567-3741-48F8-9E21-4A4B6A95261A}.Ad-Hoc|x64.ActiveCfg = Release|x64
		{964FB567-3741-48F8-9E21-4A4B6A95261A}.Ad-Hoc|x64.Build.0 = Release|x64
		{964FB567-3741-48F8-9E21-4A4B6A95261A}.Ad-Hoc|x64.Deploy.0 = Release|x64
		{964FB567-3741-48F8-9E21-4A4B6A95261A}.Ad-Hoc|x86.ActiveCfg = Release|x86
		{964FB567-3741-48F8-9E21-4A4B6A95261A}.Ad-Hoc|x86.Build.0 = Release|x86
		{964FB567-3741-48F8-9E21-4A4B6A95261A}.Ad-Hoc|x86.Deploy.0 = Release|x86
		{964FB567-3741-48F8-9E21-4A4B6A95261A}.AppStore|Any CPU.ActiveCfg = Release|Any CPU
		{964FB567-3741-48F8-9E21-4A4B6A95261A}.AppStore|Any CPU.Build.0 = Release|Any CPU
		{964FB567-3741-48F8-9E21-4A4B6A95261A}.AppStore|Any CPU.Deploy.0 = Release|Any CPU
		{964FB567-3741-48F8-9E21-4A4B6A95261A}.AppStore|ARM.ActiveCfg = Release|ARM
		{964FB567-3741-48F8-9E21-4A4B6A95261A}.AppStore|ARM.Build.0 = Release|ARM
		{964FB567-3741-48F8-9E21-4A4B6A95261A}.AppStore|ARM.Deploy.0 = Release|ARM
		{964FB567-3741-48F8-9E21-4A4B6A95261A}.AppStore|iPhone.ActiveCfg = Release|Any CPU
		{964FB567-3741-48F8-9E21-4A4B6A95261A}.AppStore|iPhone.Build.0 = Release|Any CPU
		{964FB567-3741-48F8-9E21-4A4B6A95261A}.AppStore|iPhone.Deploy.0 = Release|Any CPU
		{964FB567-3741-48F8-9E21-4A4B6A95261A}.AppStore|iPhoneSimulator.ActiveCfg = Release|Any CPU
		{964FB567-3741-48F8-9E21-4A4B6A95261A}.AppStore|iPhoneSimulator.Build.0 = Release|Any CPU
		{964FB567-3741-48F8-9E21-4A4B6A95261A}.AppStore|iPhoneSimulator.Deploy.0 = Release|Any CPU
		{964FB567-3741-48F8-9E21-4A4B6A95261A}.AppStore|x64.ActiveCfg = Release|x64
		{964FB567-3741-48F8-9E21-4A4B6A95261A}.AppStore|x64.Build.0 = Release|x64
		{964FB567-3741-48F8-9E21-4A4B6A95261A}.AppStore|x64.Deploy.0 = Release|x64
		{964FB567-3741-48F8-9E21-4A4B6A95261A}.AppStore|x86.ActiveCfg = Release|x86
		{964FB567-3741-48F8-9E21-4A4B6A95261A}.AppStore|x86.Build.0 = Release|x86
		{964FB567-3741-48F8-9E21-4A4B6A95261A}.AppStore|x86.Deploy.0 = Release|x86
		{964FB567-3741-48F8-9E21-4A4B6A95261A}.Debug|Any CPU.ActiveCfg = Debug|Any CPU
		{964FB567-3741-48F8-9E21-4A4B6A95261A}.Debug|Any CPU.Build.0 = Debug|Any CPU
		{964FB567-3741-48F8-9E21-4A4B6A95261A}.Debug|Any CPU.Deploy.0 = Debug|Any CPU
		{964FB567-3741-48F8-9E21-4A4B6A95261A}.Debug|ARM.ActiveCfg = Debug|ARM
		{964FB567-3741-48F8-9E21-4A4B6A95261A}.Debug|ARM.Build.0 = Debug|ARM
		{964FB567-3741-48F8-9E21-4A4B6A95261A}.Debug|ARM.Deploy.0 = Debug|ARM
		{964FB567-3741-48F8-9E21-4A4B6A95261A}.Debug|iPhone.ActiveCfg = Debug|Any CPU
		{964FB567-3741-48F8-9E21-4A4B6A95261A}.Debug|iPhone.Build.0 = Debug|Any CPU
		{964FB567-3741-48F8-9E21-4A4B6A95261A}.Debug|iPhone.Deploy.0 = Debug|Any CPU
		{964FB567-3741-48F8-9E21-4A4B6A95261A}.Debug|iPhoneSimulator.ActiveCfg = Debug|Any CPU
		{964FB567-3741-48F8-9E21-4A4B6A95261A}.Debug|iPhoneSimulator.Build.0 = Debug|Any CPU
		{964FB567-3741-48F8-9E21-4A4B6A95261A}.Debug|iPhoneSimulator.Deploy.0 = Debug|Any CPU
		{964FB567-3741-48F8-9E21-4A4B6A95261A}.Debug|x64.ActiveCfg = Debug|x64
		{964FB567-3741-48F8-9E21-4A4B6A95261A}.Debug|x64.Build.0 = Debug|x64
		{964FB567-3741-48F8-9E21-4A4B6A95261A}.Debug|x64.Deploy.0 = Debug|x64
		{964FB567-3741-48F8-9E21-4A4B6A95261A}.Debug|x86.ActiveCfg = Debug|x86
		{964FB567-3741-48F8-9E21-4A4B6A95261A}.Debug|x86.Build.0 = Debug|x86
		{964FB567-3741-48F8-9E21-4A4B6A95261A}.Debug|x86.Deploy.0 = Debug|x86
		{964FB567-3741-48F8-9E21-4A4B6A95261A}.Release|Any CPU.ActiveCfg = Release|Any CPU
		{964FB567-3741-48F8-9E21-4A4B6A95261A}.Release|Any CPU.Build.0 = Release|Any CPU
		{964FB567-3741-48F8-9E21-4A4B6A95261A}.Release|Any CPU.Deploy.0 = Release|Any CPU
		{964FB567-3741-48F8-9E21-4A4B6A95261A}.Release|ARM.ActiveCfg = Release|ARM
		{964FB567-3741-48F8-9E21-4A4B6A95261A}.Release|ARM.Build.0 = Release|ARM
		{964FB567-3741-48F8-9E21-4A4B6A95261A}.Release|ARM.Deploy.0 = Release|ARM
		{964FB567-3741-48F8-9E21-4A4B6A95261A}.Release|iPhone.ActiveCfg = Release|Any CPU
		{964FB567-3741-48F8-9E21-4A4B6A95261A}.Release|iPhone.Build.0 = Release|Any CPU
		{964FB567-3741-48F8-9E21-4A4B6A95261A}.Release|iPhone.Deploy.0 = Release|Any CPU
		{964FB567-3741-48F8-9E21-4A4B6A95261A}.Release|iPhoneSimulator.ActiveCfg = Release|Any CPU
		{964FB567-3741-48F8-9E21-4A4B6A95261A}.Release|iPhoneSimulator.Build.0 = Release|Any CPU
		{964FB567-3741-48F8-9E21-4A4B6A95261A}.Release|iPhoneSimulator.Deploy.0 = Release|Any CPU
		{964FB567-3741-48F8-9E21-4A4B6A95261A}.Release|x64.ActiveCfg = Release|x64
		{964FB567-3741-48F8-9E21-4A4B6A95261A}.Release|x64.Build.0 = Release|x64
		{964FB567-3741-48F8-9E21-4A4B6A95261A}.Release|x64.Deploy.0 = Release|x64
		{964FB567-3741-48F8-9E21-4A4B6A95261A}.Release|x86.ActiveCfg = Release|x86
		{964FB567-3741-48F8-9E21-4A4B6A95261A}.Release|x86.Build.0 = Release|x86
		{964FB567-3741-48F8-9E21-4A4B6A95261A}.Release|x86.Deploy.0 = Release|x86
		{E67AB75B-9D10-4257-B376-53C1E4608396}.Ad-Hoc|Any CPU.ActiveCfg = Release|Any CPU
		{E67AB75B-9D10-4257-B376-53C1E4608396}.Ad-Hoc|Any CPU.Build.0 = Release|Any CPU
		{E67AB75B-9D10-4257-B376-53C1E4608396}.Ad-Hoc|ARM.ActiveCfg = Release|Any CPU
		{E67AB75B-9D10-4257-B376-53C1E4608396}.Ad-Hoc|ARM.Build.0 = Release|Any CPU
		{E67AB75B-9D10-4257-B376-53C1E4608396}.Ad-Hoc|iPhone.ActiveCfg = Release|Any CPU
		{E67AB75B-9D10-4257-B376-53C1E4608396}.Ad-Hoc|iPhone.Build.0 = Release|Any CPU
		{E67AB75B-9D10-4257-B376-53C1E4608396}.Ad-Hoc|iPhoneSimulator.ActiveCfg = Release|Any CPU
		{E67AB75B-9D10-4257-B376-53C1E4608396}.Ad-Hoc|iPhoneSimulator.Build.0 = Release|Any CPU
		{E67AB75B-9D10-4257-B376-53C1E4608396}.Ad-Hoc|x64.ActiveCfg = Release|Any CPU
		{E67AB75B-9D10-4257-B376-53C1E4608396}.Ad-Hoc|x64.Build.0 = Release|Any CPU
		{E67AB75B-9D10-4257-B376-53C1E4608396}.Ad-Hoc|x86.ActiveCfg = Release|Any CPU
		{E67AB75B-9D10-4257-B376-53C1E4608396}.Ad-Hoc|x86.Build.0 = Release|Any CPU
		{E67AB75B-9D10-4257-B376-53C1E4608396}.AppStore|Any CPU.ActiveCfg = Release|Any CPU
		{E67AB75B-9D10-4257-B376-53C1E4608396}.AppStore|Any CPU.Build.0 = Release|Any CPU
		{E67AB75B-9D10-4257-B376-53C1E4608396}.AppStore|ARM.ActiveCfg = Release|Any CPU
		{E67AB75B-9D10-4257-B376-53C1E4608396}.AppStore|ARM.Build.0 = Release|Any CPU
		{E67AB75B-9D10-4257-B376-53C1E4608396}.AppStore|iPhone.ActiveCfg = Release|Any CPU
		{E67AB75B-9D10-4257-B376-53C1E4608396}.AppStore|iPhone.Build.0 = Release|Any CPU
		{E67AB75B-9D10-4257-B376-53C1E4608396}.AppStore|iPhoneSimulator.ActiveCfg = Release|Any CPU
		{E67AB75B-9D10-4257-B376-53C1E4608396}.AppStore|iPhoneSimulator.Build.0 = Release|Any CPU
		{E67AB75B-9D10-4257-B376-53C1E4608396}.AppStore|x64.ActiveCfg = Release|Any CPU
		{E67AB75B-9D10-4257-B376-53C1E4608396}.AppStore|x64.Build.0 = Release|Any CPU
		{E67AB75B-9D10-4257-B376-53C1E4608396}.AppStore|x86.ActiveCfg = Release|Any CPU
		{E67AB75B-9D10-4257-B376-53C1E4608396}.AppStore|x86.Build.0 = Release|Any CPU
		{E67AB75B-9D10-4257-B376-53C1E4608396}.Debug|Any CPU.ActiveCfg = Debug|Any CPU
		{E67AB75B-9D10-4257-B376-53C1E4608396}.Debug|Any CPU.Build.0 = Debug|Any CPU
		{E67AB75B-9D10-4257-B376-53C1E4608396}.Debug|ARM.ActiveCfg = Debug|Any CPU
		{E67AB75B-9D10-4257-B376-53C1E4608396}.Debug|ARM.Build.0 = Debug|Any CPU
		{E67AB75B-9D10-4257-B376-53C1E4608396}.Debug|iPhone.ActiveCfg = Debug|Any CPU
		{E67AB75B-9D10-4257-B376-53C1E4608396}.Debug|iPhone.Build.0 = Debug|Any CPU
		{E67AB75B-9D10-4257-B376-53C1E4608396}.Debug|iPhoneSimulator.ActiveCfg = Debug|Any CPU
		{E67AB75B-9D10-4257-B376-53C1E4608396}.Debug|iPhoneSimulator.Build.0 = Debug|Any CPU
		{E67AB75B-9D10-4257-B376-53C1E4608396}.Debug|x64.ActiveCfg = Debug|Any CPU
		{E67AB75B-9D10-4257-B376-53C1E4608396}.Debug|x64.Build.0 = Debug|Any CPU
		{E67AB75B-9D10-4257-B376-53C1E4608396}.Debug|x86.ActiveCfg = Debug|Any CPU
		{E67AB75B-9D10-4257-B376-53C1E4608396}.Debug|x86.Build.0 = Debug|Any CPU
		{E67AB75B-9D10-4257-B376-53C1E4608396}.Release|Any CPU.ActiveCfg = Release|Any CPU
		{E67AB75B-9D10-4257-B376-53C1E4608396}.Release|Any CPU.Build.0 = Release|Any CPU
		{E67AB75B-9D10-4257-B376-53C1E4608396}.Release|ARM.ActiveCfg = Release|Any CPU
		{E67AB75B-9D10-4257-B376-53C1E4608396}.Release|ARM.Build.0 = Release|Any CPU
		{E67AB75B-9D10-4257-B376-53C1E4608396}.Release|iPhone.ActiveCfg = Release|Any CPU
		{E67AB75B-9D10-4257-B376-53C1E4608396}.Release|iPhone.Build.0 = Release|Any CPU
		{E67AB75B-9D10-4257-B376-53C1E4608396}.Release|iPhoneSimulator.ActiveCfg = Release|Any CPU
		{E67AB75B-9D10-4257-B376-53C1E4608396}.Release|iPhoneSimulator.Build.0 = Release|Any CPU
		{E67AB75B-9D10-4257-B376-53C1E4608396}.Release|x64.ActiveCfg = Release|Any CPU
		{E67AB75B-9D10-4257-B376-53C1E4608396}.Release|x64.Build.0 = Release|Any CPU
		{E67AB75B-9D10-4257-B376-53C1E4608396}.Release|x86.ActiveCfg = Release|Any CPU
		{E67AB75B-9D10-4257-B376-53C1E4608396}.Release|x86.Build.0 = Release|Any CPU
	EndGlobalSection
	GlobalSection(SolutionProperties) = preSolution
		HideSolutionNode = FALSE
	EndGlobalSection
EndGlobal
