
Microsoft Visual Studio Solution File, Format Version 12.00
# Visual Studio 14
VisualStudioVersion = 14.0.25420.1
MinimumVisualStudioVersion = 10.0.40219.1
Project("{FAE04EC0-301F-11D3-BF4B-00C04F79EFBC}") = "Challenge01.Droid", "Challenge01\Challenge01.Droid\Challenge01.Droid.csproj", "{0FD5C959-91CC-4078-ACD7-617A5659110D}"
EndProject
Project("{FAE04EC0-301F-11D3-BF4B-00C04F79EFBC}") = "Challenge01.iOS", "Challenge01\Challenge01.iOS\Challenge01.iOS.csproj", "{5A22A2E0-17C7-4BB5-9C82-841912DDA9E3}"
EndProject
Project("{FAE04EC0-301F-11D3-BF4B-00C04F79EFBC}") = "Challenge01.WinPhone", "Challenge01\Challenge01.WinPhone\Challenge01.WinPhone.csproj", "{018357B4-F64A-4CE7-B548-2198E708073A}"
EndProject
Project("{FAE04EC0-301F-11D3-BF4B-00C04F79EFBC}") = "Challenge01.Windows", "Challenge01\Challenge01.Windows\Challenge01.Windows.csproj", "{F489F13A-C4DC-41C5-AFDC-AD2FCD38733D}"
EndProject
Project("{FAE04EC0-301F-11D3-BF4B-00C04F79EFBC}") = "Challenge01", "Challenge01\Challenge01\Challenge01.csproj", "{867366AF-D179-46DD-98D1-E37D7E14F31E}"
EndProject
Global
	GlobalSection(SolutionConfigurationPlatforms) = preSolution
		Ad-Hoc|Any CPU = Ad-Hoc|Any CPU
		Ad-Hoc|ARM = Ad-Hoc|ARM
		Ad-Hoc|iPhone = Ad-Hoc|iPhone
		Ad-Hoc|iPhoneSimulator = Ad-Hoc|iPhoneSimulator
		Ad-Hoc|x64 = Ad-Hoc|x64
		Ad-Hoc|x86 = Ad-Hoc|x86
		AppStore|Any CPU = AppStore|Any CPU
		AppStore|ARM = AppStore|ARM
		AppStore|iPhone = AppStore|iPhone
		AppStore|iPhoneSimulator = AppStore|iPhoneSimulator
		AppStore|x64 = AppStore|x64
		AppStore|x86 = AppStore|x86
		Debug|Any CPU = Debug|Any CPU
		Debug|ARM = Debug|ARM
		Debug|iPhone = Debug|iPhone
		Debug|iPhoneSimulator = Debug|iPhoneSimulator
		Debug|x64 = Debug|x64
		Debug|x86 = Debug|x86
		Release|Any CPU = Release|Any CPU
		Release|ARM = Release|ARM
		Release|iPhone = Release|iPhone
		Release|iPhoneSimulator = Release|iPhoneSimulator
		Release|x64 = Release|x64
		Release|x86 = Release|x86
	EndGlobalSection
	GlobalSection(ProjectConfigurationPlatforms) = postSolution
		{0FD5C959-91CC-4078-ACD7-617A5659110D}.Ad-Hoc|Any CPU.ActiveCfg = Release|Any CPU
		{0FD5C959-91CC-4078-ACD7-617A5659110D}.Ad-Hoc|Any CPU.Build.0 = Release|Any CPU
		{0FD5C959-91CC-4078-ACD7-617A5659110D}.Ad-Hoc|Any CPU.Deploy.0 = Release|Any CPU
		{0FD5C959-91CC-4078-ACD7-617A5659110D}.Ad-Hoc|ARM.ActiveCfg = Release|Any CPU
		{0FD5C959-91CC-4078-ACD7-617A5659110D}.Ad-Hoc|ARM.Build.0 = Release|Any CPU
		{0FD5C959-91CC-4078-ACD7-617A5659110D}.Ad-Hoc|ARM.Deploy.0 = Release|Any CPU
		{0FD5C959-91CC-4078-ACD7-617A5659110D}.Ad-Hoc|iPhone.ActiveCfg = Release|Any CPU
		{0FD5C959-91CC-4078-ACD7-617A5659110D}.Ad-Hoc|iPhone.Build.0 = Release|Any CPU
		{0FD5C959-91CC-4078-ACD7-617A5659110D}.Ad-Hoc|iPhone.Deploy.0 = Release|Any CPU
		{0FD5C959-91CC-4078-ACD7-617A5659110D}.Ad-Hoc|iPhoneSimulator.ActiveCfg = Release|Any CPU
		{0FD5C959-91CC-4078-ACD7-617A5659110D}.Ad-Hoc|iPhoneSimulator.Build.0 = Release|Any CPU
		{0FD5C959-91CC-4078-ACD7-617A5659110D}.Ad-Hoc|iPhoneSimulator.Deploy.0 = Release|Any CPU
		{0FD5C959-91CC-4078-ACD7-617A5659110D}.Ad-Hoc|x64.ActiveCfg = Release|Any CPU
		{0FD5C959-91CC-4078-ACD7-617A5659110D}.Ad-Hoc|x64.Build.0 = Release|Any CPU
		{0FD5C959-91CC-4078-ACD7-617A5659110D}.Ad-Hoc|x64.Deploy.0 = Release|Any CPU
		{0FD5C959-91CC-4078-ACD7-617A5659110D}.Ad-Hoc|x86.ActiveCfg = Release|Any CPU
		{0FD5C959-91CC-4078-ACD7-617A5659110D}.Ad-Hoc|x86.Build.0 = Release|Any CPU
		{0FD5C959-91CC-4078-ACD7-617A5659110D}.Ad-Hoc|x86.Deploy.0 = Release|Any CPU
		{0FD5C959-91CC-4078-ACD7-617A5659110D}.AppStore|Any CPU.ActiveCfg = Release|Any CPU
		{0FD5C959-91CC-4078-ACD7-617A5659110D}.AppStore|Any CPU.Build.0 = Release|Any CPU
		{0FD5C959-91CC-4078-ACD7-617A5659110D}.AppStore|Any CPU.Deploy.0 = Release|Any CPU
		{0FD5C959-91CC-4078-ACD7-617A5659110D}.AppStore|ARM.ActiveCfg = Release|Any CPU
		{0FD5C959-91CC-4078-ACD7-617A5659110D}.AppStore|ARM.Build.0 = Release|Any CPU
		{0FD5C959-91CC-4078-ACD7-617A5659110D}.AppStore|ARM.Deploy.0 = Release|Any CPU
		{0FD5C959-91CC-4078-ACD7-617A5659110D}.AppStore|iPhone.ActiveCfg = Release|Any CPU
		{0FD5C959-91CC-4078-ACD7-617A5659110D}.AppStore|iPhone.Build.0 = Release|Any CPU
		{0FD5C959-91CC-4078-ACD7-617A5659110D}.AppStore|iPhone.Deploy.0 = Release|Any CPU
		{0FD5C959-91CC-4078-ACD7-617A5659110D}.AppStore|iPhoneSimulator.ActiveCfg = Release|Any CPU
		{0FD5C959-91CC-4078-ACD7-617A5659110D}.AppStore|iPhoneSimulator.Build.0 = Release|Any CPU
		{0FD5C959-91CC-4078-ACD7-617A5659110D}.AppStore|iPhoneSimulator.Deploy.0 = Release|Any CPU
		{0FD5C959-91CC-4078-ACD7-617A5659110D}.AppStore|x64.ActiveCfg = Release|Any CPU
		{0FD5C959-91CC-4078-ACD7-617A5659110D}.AppStore|x64.Build.0 = Release|Any CPU
		{0FD5C959-91CC-4078-ACD7-617A5659110D}.AppStore|x64.Deploy.0 = Release|Any CPU
		{0FD5C959-91CC-4078-ACD7-617A5659110D}.AppStore|x86.ActiveCfg = Release|Any CPU
		{0FD5C959-91CC-4078-ACD7-617A5659110D}.AppStore|x86.Build.0 = Release|Any CPU
		{0FD5C959-91CC-4078-ACD7-617A5659110D}.AppStore|x86.Deploy.0 = Release|Any CPU
		{0FD5C959-91CC-4078-ACD7-617A5659110D}.Debug|Any CPU.ActiveCfg = Debug|Any CPU
		{0FD5C959-91CC-4078-ACD7-617A5659110D}.Debug|Any CPU.Build.0 = Debug|Any CPU
		{0FD5C959-91CC-4078-ACD7-617A5659110D}.Debug|Any CPU.Deploy.0 = Debug|Any CPU
		{0FD5C959-91CC-4078-ACD7-617A5659110D}.Debug|ARM.ActiveCfg = Debug|Any CPU
		{0FD5C959-91CC-4078-ACD7-617A5659110D}.Debug|ARM.Build.0 = Debug|Any CPU
		{0FD5C959-91CC-4078-ACD7-617A5659110D}.Debug|ARM.Deploy.0 = Debug|Any CPU
		{0FD5C959-91CC-4078-ACD7-617A5659110D}.Debug|iPhone.ActiveCfg = Debug|Any CPU
		{0FD5C959-91CC-4078-ACD7-617A5659110D}.Debug|iPhone.Build.0 = Debug|Any CPU
		{0FD5C959-91CC-4078-ACD7-617A5659110D}.Debug|iPhone.Deploy.0 = Debug|Any CPU
		{0FD5C959-91CC-4078-ACD7-617A5659110D}.Debug|iPhoneSimulator.ActiveCfg = Debug|Any CPU
		{0FD5C959-91CC-4078-ACD7-617A5659110D}.Debug|iPhoneSimulator.Build.0 = Debug|Any CPU
		{0FD5C959-91CC-4078-ACD7-617A5659110D}.Debug|iPhoneSimulator.Deploy.0 = Debug|Any CPU
		{0FD5C959-91CC-4078-ACD7-617A5659110D}.Debug|x64.ActiveCfg = Debug|Any CPU
		{0FD5C959-91CC-4078-ACD7-617A5659110D}.Debug|x64.Build.0 = Debug|Any CPU
		{0FD5C959-91CC-4078-ACD7-617A5659110D}.Debug|x64.Deploy.0 = Debug|Any CPU
		{0FD5C959-91CC-4078-ACD7-617A5659110D}.Debug|x86.ActiveCfg = Debug|Any CPU
		{0FD5C959-91CC-4078-ACD7-617A5659110D}.Debug|x86.Build.0 = Debug|Any CPU
		{0FD5C959-91CC-4078-ACD7-617A5659110D}.Debug|x86.Deploy.0 = Debug|Any CPU
		{0FD5C959-91CC-4078-ACD7-617A5659110D}.Release|Any CPU.ActiveCfg = Release|Any CPU
		{0FD5C959-91CC-4078-ACD7-617A5659110D}.Release|Any CPU.Build.0 = Release|Any CPU
		{0FD5C959-91CC-4078-ACD7-617A5659110D}.Release|Any CPU.Deploy.0 = Release|Any CPU
		{0FD5C959-91CC-4078-ACD7-617A5659110D}.Release|ARM.ActiveCfg = Release|Any CPU
		{0FD5C959-91CC-4078-ACD7-617A5659110D}.Release|ARM.Build.0 = Release|Any CPU
		{0FD5C959-91CC-4078-ACD7-617A5659110D}.Release|ARM.Deploy.0 = Release|Any CPU
		{0FD5C959-91CC-4078-ACD7-617A5659110D}.Release|iPhone.ActiveCfg = Release|Any CPU
		{0FD5C959-91CC-4078-ACD7-617A5659110D}.Release|iPhone.Build.0 = Release|Any CPU
		{0FD5C959-91CC-4078-ACD7-617A5659110D}.Release|iPhone.Deploy.0 = Release|Any CPU
		{0FD5C959-91CC-4078-ACD7-617A5659110D}.Release|iPhoneSimulator.ActiveCfg = Release|Any CPU
		{0FD5C959-91CC-4078-ACD7-617A5659110D}.Release|iPhoneSimulator.Build.0 = Release|Any CPU
		{0FD5C959-91CC-4078-ACD7-617A5659110D}.Release|iPhoneSimulator.Deploy.0 = Release|Any CPU
		{0FD5C959-91CC-4078-ACD7-617A5659110D}.Release|x64.ActiveCfg = Release|Any CPU
		{0FD5C959-91CC-4078-ACD7-617A5659110D}.Release|x64.Build.0 = Release|Any CPU
		{0FD5C959-91CC-4078-ACD7-617A5659110D}.Release|x64.Deploy.0 = Release|Any CPU
		{0FD5C959-91CC-4078-ACD7-617A5659110D}.Release|x86.ActiveCfg = Release|Any CPU
		{0FD5C959-91CC-4078-ACD7-617A5659110D}.Release|x86.Build.0 = Release|Any CPU
		{0FD5C959-91CC-4078-ACD7-617A5659110D}.Release|x86.Deploy.0 = Release|Any CPU
		{5A22A2E0-17C7-4BB5-9C82-841912DDA9E3}.Ad-Hoc|Any CPU.ActiveCfg = Ad-Hoc|iPhone
		{5A22A2E0-17C7-4BB5-9C82-841912DDA9E3}.Ad-Hoc|ARM.ActiveCfg = Ad-Hoc|iPhone
		{5A22A2E0-17C7-4BB5-9C82-841912DDA9E3}.Ad-Hoc|iPhone.ActiveCfg = Ad-Hoc|iPhone
		{5A22A2E0-17C7-4BB5-9C82-841912DDA9E3}.Ad-Hoc|iPhone.Build.0 = Ad-Hoc|iPhone
		{5A22A2E0-17C7-4BB5-9C82-841912DDA9E3}.Ad-Hoc|iPhoneSimulator.ActiveCfg = Ad-Hoc|iPhoneSimulator
		{5A22A2E0-17C7-4BB5-9C82-841912DDA9E3}.Ad-Hoc|iPhoneSimulator.Build.0 = Ad-Hoc|iPhoneSimulator
		{5A22A2E0-17C7-4BB5-9C82-841912DDA9E3}.Ad-Hoc|x64.ActiveCfg = Ad-Hoc|iPhone
		{5A22A2E0-17C7-4BB5-9C82-841912DDA9E3}.Ad-Hoc|x86.ActiveCfg = Ad-Hoc|iPhone
		{5A22A2E0-17C7-4BB5-9C82-841912DDA9E3}.AppStore|Any CPU.ActiveCfg = AppStore|iPhone
		{5A22A2E0-17C7-4BB5-9C82-841912DDA9E3}.AppStore|ARM.ActiveCfg = AppStore|iPhone
		{5A22A2E0-17C7-4BB5-9C82-841912DDA9E3}.AppStore|iPhone.ActiveCfg = AppStore|iPhone
		{5A22A2E0-17C7-4BB5-9C82-841912DDA9E3}.AppStore|iPhone.Build.0 = AppStore|iPhone
		{5A22A2E0-17C7-4BB5-9C82-841912DDA9E3}.AppStore|iPhoneSimulator.ActiveCfg = AppStore|iPhoneSimulator
		{5A22A2E0-17C7-4BB5-9C82-841912DDA9E3}.AppStore|iPhoneSimulator.Build.0 = AppStore|iPhoneSimulator
		{5A22A2E0-17C7-4BB5-9C82-841912DDA9E3}.AppStore|x64.ActiveCfg = AppStore|iPhone
		{5A22A2E0-17C7-4BB5-9C82-841912DDA9E3}.AppStore|x86.ActiveCfg = AppStore|iPhone
		{5A22A2E0-17C7-4BB5-9C82-841912DDA9E3}.Debug|Any CPU.ActiveCfg = Debug|iPhone
		{5A22A2E0-17C7-4BB5-9C82-841912DDA9E3}.Debug|ARM.ActiveCfg = Debug|iPhone
		{5A22A2E0-17C7-4BB5-9C82-841912DDA9E3}.Debug|iPhone.ActiveCfg = Debug|iPhone
		{5A22A2E0-17C7-4BB5-9C82-841912DDA9E3}.Debug|iPhone.Build.0 = Debug|iPhone
		{5A22A2E0-17C7-4BB5-9C82-841912DDA9E3}.Debug|iPhoneSimulator.ActiveCfg = Debug|iPhoneSimulator
		{5A22A2E0-17C7-4BB5-9C82-841912DDA9E3}.Debug|iPhoneSimulator.Build.0 = Debug|iPhoneSimulator
		{5A22A2E0-17C7-4BB5-9C82-841912DDA9E3}.Debug|x64.ActiveCfg = Debug|iPhone
		{5A22A2E0-17C7-4BB5-9C82-841912DDA9E3}.Debug|x86.ActiveCfg = Debug|iPhone
		{5A22A2E0-17C7-4BB5-9C82-841912DDA9E3}.Release|Any CPU.ActiveCfg = Release|iPhone
		{5A22A2E0-17C7-4BB5-9C82-841912DDA9E3}.Release|ARM.ActiveCfg = Release|iPhone
		{5A22A2E0-17C7-4BB5-9C82-841912DDA9E3}.Release|iPhone.ActiveCfg = Release|iPhone
		{5A22A2E0-17C7-4BB5-9C82-841912DDA9E3}.Release|iPhone.Build.0 = Release|iPhone
		{5A22A2E0-17C7-4BB5-9C82-841912DDA9E3}.Release|iPhoneSimulator.ActiveCfg = Release|iPhoneSimulator
		{5A22A2E0-17C7-4BB5-9C82-841912DDA9E3}.Release|iPhoneSimulator.Build.0 = Release|iPhoneSimulator
		{5A22A2E0-17C7-4BB5-9C82-841912DDA9E3}.Release|x64.ActiveCfg = Release|iPhone
		{5A22A2E0-17C7-4BB5-9C82-841912DDA9E3}.Release|x86.ActiveCfg = Release|iPhone
		{018357B4-F64A-4CE7-B548-2198E708073A}.Ad-Hoc|Any CPU.ActiveCfg = Release|Any CPU
		{018357B4-F64A-4CE7-B548-2198E708073A}.Ad-Hoc|Any CPU.Build.0 = Release|Any CPU
		{018357B4-F64A-4CE7-B548-2198E708073A}.Ad-Hoc|Any CPU.Deploy.0 = Release|Any CPU
		{018357B4-F64A-4CE7-B548-2198E708073A}.Ad-Hoc|ARM.ActiveCfg = Release|ARM
		{018357B4-F64A-4CE7-B548-2198E708073A}.Ad-Hoc|ARM.Build.0 = Release|ARM
		{018357B4-F64A-4CE7-B548-2198E708073A}.Ad-Hoc|ARM.Deploy.0 = Release|ARM
		{018357B4-F64A-4CE7-B548-2198E708073A}.Ad-Hoc|iPhone.ActiveCfg = Release|Any CPU
		{018357B4-F64A-4CE7-B548-2198E708073A}.Ad-Hoc|iPhone.Build.0 = Release|Any CPU
		{018357B4-F64A-4CE7-B548-2198E708073A}.Ad-Hoc|iPhone.Deploy.0 = Release|Any CPU
		{018357B4-F64A-4CE7-B548-2198E708073A}.Ad-Hoc|iPhoneSimulator.ActiveCfg = Release|Any CPU
		{018357B4-F64A-4CE7-B548-2198E708073A}.Ad-Hoc|iPhoneSimulator.Build.0 = Release|Any CPU
		{018357B4-F64A-4CE7-B548-2198E708073A}.Ad-Hoc|iPhoneSimulator.Deploy.0 = Release|Any CPU
		{018357B4-F64A-4CE7-B548-2198E708073A}.Ad-Hoc|x64.ActiveCfg = Release|Any CPU
		{018357B4-F64A-4CE7-B548-2198E708073A}.Ad-Hoc|x64.Build.0 = Release|Any CPU
		{018357B4-F64A-4CE7-B548-2198E708073A}.Ad-Hoc|x64.Deploy.0 = Release|Any CPU
		{018357B4-F64A-4CE7-B548-2198E708073A}.Ad-Hoc|x86.ActiveCfg = Release|x86
		{018357B4-F64A-4CE7-B548-2198E708073A}.Ad-Hoc|x86.Build.0 = Release|x86
		{018357B4-F64A-4CE7-B548-2198E708073A}.Ad-Hoc|x86.Deploy.0 = Release|x86
		{018357B4-F64A-4CE7-B548-2198E708073A}.AppStore|Any CPU.ActiveCfg = Release|Any CPU
		{018357B4-F64A-4CE7-B548-2198E708073A}.AppStore|Any CPU.Build.0 = Release|Any CPU
		{018357B4-F64A-4CE7-B548-2198E708073A}.AppStore|Any CPU.Deploy.0 = Release|Any CPU
		{018357B4-F64A-4CE7-B548-2198E708073A}.AppStore|ARM.ActiveCfg = Release|ARM
		{018357B4-F64A-4CE7-B548-2198E708073A}.AppStore|ARM.Build.0 = Release|ARM
		{018357B4-F64A-4CE7-B548-2198E708073A}.AppStore|ARM.Deploy.0 = Release|ARM
		{018357B4-F64A-4CE7-B548-2198E708073A}.AppStore|iPhone.ActiveCfg = Release|Any CPU
		{018357B4-F64A-4CE7-B548-2198E708073A}.AppStore|iPhone.Build.0 = Release|Any CPU
		{018357B4-F64A-4CE7-B548-2198E708073A}.AppStore|iPhone.Deploy.0 = Release|Any CPU
		{018357B4-F64A-4CE7-B548-2198E708073A}.AppStore|iPhoneSimulator.ActiveCfg = Release|Any CPU
		{018357B4-F64A-4CE7-B548-2198E708073A}.AppStore|iPhoneSimulator.Build.0 = Release|Any CPU
		{018357B4-F64A-4CE7-B548-2198E708073A}.AppStore|iPhoneSimulator.Deploy.0 = Release|Any CPU
		{018357B4-F64A-4CE7-B548-2198E708073A}.AppStore|x64.ActiveCfg = Release|Any CPU
		{018357B4-F64A-4CE7-B548-2198E708073A}.AppStore|x64.Build.0 = Release|Any CPU
		{018357B4-F64A-4CE7-B548-2198E708073A}.AppStore|x64.Deploy.0 = Release|Any CPU
		{018357B4-F64A-4CE7-B548-2198E708073A}.AppStore|x86.ActiveCfg = Release|x86
		{018357B4-F64A-4CE7-B548-2198E708073A}.AppStore|x86.Build.0 = Release|x86
		{018357B4-F64A-4CE7-B548-2198E708073A}.AppStore|x86.Deploy.0 = Release|x86
		{018357B4-F64A-4CE7-B548-2198E708073A}.Debug|Any CPU.ActiveCfg = Debug|Any CPU
		{018357B4-F64A-4CE7-B548-2198E708073A}.Debug|Any CPU.Build.0 = Debug|Any CPU
		{018357B4-F64A-4CE7-B548-2198E708073A}.Debug|Any CPU.Deploy.0 = Debug|Any CPU
		{018357B4-F64A-4CE7-B548-2198E708073A}.Debug|ARM.ActiveCfg = Debug|ARM
		{018357B4-F64A-4CE7-B548-2198E708073A}.Debug|ARM.Build.0 = Debug|ARM
		{018357B4-F64A-4CE7-B548-2198E708073A}.Debug|ARM.Deploy.0 = Debug|ARM
		{018357B4-F64A-4CE7-B548-2198E708073A}.Debug|iPhone.ActiveCfg = Debug|Any CPU
		{018357B4-F64A-4CE7-B548-2198E708073A}.Debug|iPhone.Build.0 = Debug|Any CPU
		{018357B4-F64A-4CE7-B548-2198E708073A}.Debug|iPhone.Deploy.0 = Debug|Any CPU
		{018357B4-F64A-4CE7-B548-2198E708073A}.Debug|iPhoneSimulator.ActiveCfg = Debug|Any CPU
		{018357B4-F64A-4CE7-B548-2198E708073A}.Debug|iPhoneSimulator.Build.0 = Debug|Any CPU
		{018357B4-F64A-4CE7-B548-2198E708073A}.Debug|iPhoneSimulator.Deploy.0 = Debug|Any CPU
		{018357B4-F64A-4CE7-B548-2198E708073A}.Debug|x64.ActiveCfg = Debug|Any CPU
		{018357B4-F64A-4CE7-B548-2198E708073A}.Debug|x64.Build.0 = Debug|Any CPU
		{018357B4-F64A-4CE7-B548-2198E708073A}.Debug|x64.Deploy.0 = Debug|Any CPU
		{018357B4-F64A-4CE7-B548-2198E708073A}.Debug|x86.ActiveCfg = Debug|x86
		{018357B4-F64A-4CE7-B548-2198E708073A}.Debug|x86.Build.0 = Debug|x86
		{018357B4-F64A-4CE7-B548-2198E708073A}.Debug|x86.Deploy.0 = Debug|x86
		{018357B4-F64A-4CE7-B548-2198E708073A}.Release|Any CPU.ActiveCfg = Release|Any CPU
		{018357B4-F64A-4CE7-B548-2198E708073A}.Release|Any CPU.Build.0 = Release|Any CPU
		{018357B4-F64A-4CE7-B548-2198E708073A}.Release|Any CPU.Deploy.0 = Release|Any CPU
		{018357B4-F64A-4CE7-B548-2198E708073A}.Release|ARM.ActiveCfg = Release|ARM
		{018357B4-F64A-4CE7-B548-2198E708073A}.Release|ARM.Build.0 = Release|ARM
		{018357B4-F64A-4CE7-B548-2198E708073A}.Release|ARM.Deploy.0 = Release|ARM
		{018357B4-F64A-4CE7-B548-2198E708073A}.Release|iPhone.ActiveCfg = Release|Any CPU
		{018357B4-F64A-4CE7-B548-2198E708073A}.Release|iPhone.Build.0 = Release|Any CPU
		{018357B4-F64A-4CE7-B548-2198E708073A}.Release|iPhone.Deploy.0 = Release|Any CPU
		{018357B4-F64A-4CE7-B548-2198E708073A}.Release|iPhoneSimulator.ActiveCfg = Release|Any CPU
		{018357B4-F64A-4CE7-B548-2198E708073A}.Release|iPhoneSimulator.Build.0 = Release|Any CPU
		{018357B4-F64A-4CE7-B548-2198E708073A}.Release|iPhoneSimulator.Deploy.0 = Release|Any CPU
		{018357B4-F64A-4CE7-B548-2198E708073A}.Release|x64.ActiveCfg = Release|Any CPU
		{018357B4-F64A-4CE7-B548-2198E708073A}.Release|x64.Build.0 = Release|Any CPU
		{018357B4-F64A-4CE7-B548-2198E708073A}.Release|x64.Deploy.0 = Release|Any CPU
		{018357B4-F64A-4CE7-B548-2198E708073A}.Release|x86.ActiveCfg = Release|x86
		{018357B4-F64A-4CE7-B548-2198E708073A}.Release|x86.Build.0 = Release|x86
		{018357B4-F64A-4CE7-B548-2198E708073A}.Release|x86.Deploy.0 = Release|x86
		{F489F13A-C4DC-41C5-AFDC-AD2FCD38733D}.Ad-Hoc|Any CPU.ActiveCfg = Release|Any CPU
		{F489F13A-C4DC-41C5-AFDC-AD2FCD38733D}.Ad-Hoc|Any CPU.Build.0 = Release|Any CPU
		{F489F13A-C4DC-41C5-AFDC-AD2FCD38733D}.Ad-Hoc|Any CPU.Deploy.0 = Release|Any CPU
		{F489F13A-C4DC-41C5-AFDC-AD2FCD38733D}.Ad-Hoc|ARM.ActiveCfg = Release|ARM
		{F489F13A-C4DC-41C5-AFDC-AD2FCD38733D}.Ad-Hoc|ARM.Build.0 = Release|ARM
		{F489F13A-C4DC-41C5-AFDC-AD2FCD38733D}.Ad-Hoc|ARM.Deploy.0 = Release|ARM
		{F489F13A-C4DC-41C5-AFDC-AD2FCD38733D}.Ad-Hoc|iPhone.ActiveCfg = Release|Any CPU
		{F489F13A-C4DC-41C5-AFDC-AD2FCD38733D}.Ad-Hoc|iPhone.Build.0 = Release|Any CPU
		{F489F13A-C4DC-41C5-AFDC-AD2FCD38733D}.Ad-Hoc|iPhone.Deploy.0 = Release|Any CPU
		{F489F13A-C4DC-41C5-AFDC-AD2FCD38733D}.Ad-Hoc|iPhoneSimulator.ActiveCfg = Release|Any CPU
		{F489F13A-C4DC-41C5-AFDC-AD2FCD38733D}.Ad-Hoc|iPhoneSimulator.Build.0 = Release|Any CPU
		{F489F13A-C4DC-41C5-AFDC-AD2FCD38733D}.Ad-Hoc|iPhoneSimulator.Deploy.0 = Release|Any CPU
		{F489F13A-C4DC-41C5-AFDC-AD2FCD38733D}.Ad-Hoc|x64.ActiveCfg = Release|x64
		{F489F13A-C4DC-41C5-AFDC-AD2FCD38733D}.Ad-Hoc|x64.Build.0 = Release|x64
		{F489F13A-C4DC-41C5-AFDC-AD2FCD38733D}.Ad-Hoc|x64.Deploy.0 = Release|x64
		{F489F13A-C4DC-41C5-AFDC-AD2FCD38733D}.Ad-Hoc|x86.ActiveCfg = Release|x86
		{F489F13A-C4DC-41C5-AFDC-AD2FCD38733D}.Ad-Hoc|x86.Build.0 = Release|x86
		{F489F13A-C4DC-41C5-AFDC-AD2FCD38733D}.Ad-Hoc|x86.Deploy.0 = Release|x86
		{F489F13A-C4DC-41C5-AFDC-AD2FCD38733D}.AppStore|Any CPU.ActiveCfg = Release|Any CPU
		{F489F13A-C4DC-41C5-AFDC-AD2FCD38733D}.AppStore|Any CPU.Build.0 = Release|Any CPU
		{F489F13A-C4DC-41C5-AFDC-AD2FCD38733D}.AppStore|Any CPU.Deploy.0 = Release|Any CPU
		{F489F13A-C4DC-41C5-AFDC-AD2FCD38733D}.AppStore|ARM.ActiveCfg = Release|ARM
		{F489F13A-C4DC-41C5-AFDC-AD2FCD38733D}.AppStore|ARM.Build.0 = Release|ARM
		{F489F13A-C4DC-41C5-AFDC-AD2FCD38733D}.AppStore|ARM.Deploy.0 = Release|ARM
		{F489F13A-C4DC-41C5-AFDC-AD2FCD38733D}.AppStore|iPhone.ActiveCfg = Release|Any CPU
		{F489F13A-C4DC-41C5-AFDC-AD2FCD38733D}.AppStore|iPhone.Build.0 = Release|Any CPU
		{F489F13A-C4DC-41C5-AFDC-AD2FCD38733D}.AppStore|iPhone.Deploy.0 = Release|Any CPU
		{F489F13A-C4DC-41C5-AFDC-AD2FCD38733D}.AppStore|iPhoneSimulator.ActiveCfg = Release|Any CPU
		{F489F13A-C4DC-41C5-AFDC-AD2FCD38733D}.AppStore|iPhoneSimulator.Build.0 = Release|Any CPU
		{F489F13A-C4DC-41C5-AFDC-AD2FCD38733D}.AppStore|iPhoneSimulator.Deploy.0 = Release|Any CPU
		{F489F13A-C4DC-41C5-AFDC-AD2FCD38733D}.AppStore|x64.ActiveCfg = Release|x64
		{F489F13A-C4DC-41C5-AFDC-AD2FCD38733D}.AppStore|x64.Build.0 = Release|x64
		{F489F13A-C4DC-41C5-AFDC-AD2FCD38733D}.AppStore|x64.Deploy.0 = Release|x64
		{F489F13A-C4DC-41C5-AFDC-AD2FCD38733D}.AppStore|x86.ActiveCfg = Release|x86
		{F489F13A-C4DC-41C5-AFDC-AD2FCD38733D}.AppStore|x86.Build.0 = Release|x86
		{F489F13A-C4DC-41C5-AFDC-AD2FCD38733D}.AppStore|x86.Deploy.0 = Release|x86
		{F489F13A-C4DC-41C5-AFDC-AD2FCD38733D}.Debug|Any CPU.ActiveCfg = Debug|Any CPU
		{F489F13A-C4DC-41C5-AFDC-AD2FCD38733D}.Debug|Any CPU.Build.0 = Debug|Any CPU
		{F489F13A-C4DC-41C5-AFDC-AD2FCD38733D}.Debug|Any CPU.Deploy.0 = Debug|Any CPU
		{F489F13A-C4DC-41C5-AFDC-AD2FCD38733D}.Debug|ARM.ActiveCfg = Debug|ARM
		{F489F13A-C4DC-41C5-AFDC-AD2FCD38733D}.Debug|ARM.Build.0 = Debug|ARM
		{F489F13A-C4DC-41C5-AFDC-AD2FCD38733D}.Debug|ARM.Deploy.0 = Debug|ARM
		{F489F13A-C4DC-41C5-AFDC-AD2FCD38733D}.Debug|iPhone.ActiveCfg = Debug|Any CPU
		{F489F13A-C4DC-41C5-AFDC-AD2FCD38733D}.Debug|iPhone.Build.0 = Debug|Any CPU
		{F489F13A-C4DC-41C5-AFDC-AD2FCD38733D}.Debug|iPhone.Deploy.0 = Debug|Any CPU
		{F489F13A-C4DC-41C5-AFDC-AD2FCD38733D}.Debug|iPhoneSimulator.ActiveCfg = Debug|Any CPU
		{F489F13A-C4DC-41C5-AFDC-AD2FCD38733D}.Debug|iPhoneSimulator.Build.0 = Debug|Any CPU
		{F489F13A-C4DC-41C5-AFDC-AD2FCD38733D}.Debug|iPhoneSimulator.Deploy.0 = Debug|Any CPU
		{F489F13A-C4DC-41C5-AFDC-AD2FCD38733D}.Debug|x64.ActiveCfg = Debug|x64
		{F489F13A-C4DC-41C5-AFDC-AD2FCD38733D}.Debug|x64.Build.0 = Debug|x64
		{F489F13A-C4DC-41C5-AFDC-AD2FCD38733D}.Debug|x64.Deploy.0 = Debug|x64
		{F489F13A-C4DC-41C5-AFDC-AD2FCD38733D}.Debug|x86.ActiveCfg = Debug|x86
		{F489F13A-C4DC-41C5-AFDC-AD2FCD38733D}.Debug|x86.Build.0 = Debug|x86
		{F489F13A-C4DC-41C5-AFDC-AD2FCD38733D}.Debug|x86.Deploy.0 = Debug|x86
		{F489F13A-C4DC-41C5-AFDC-AD2FCD38733D}.Release|Any CPU.ActiveCfg = Release|Any CPU
		{F489F13A-C4DC-41C5-AFDC-AD2FCD38733D}.Release|Any CPU.Build.0 = Release|Any CPU
		{F489F13A-C4DC-41C5-AFDC-AD2FCD38733D}.Release|Any CPU.Deploy.0 = Release|Any CPU
		{F489F13A-C4DC-41C5-AFDC-AD2FCD38733D}.Release|ARM.ActiveCfg = Release|ARM
		{F489F13A-C4DC-41C5-AFDC-AD2FCD38733D}.Release|ARM.Build.0 = Release|ARM
		{F489F13A-C4DC-41C5-AFDC-AD2FCD38733D}.Release|ARM.Deploy.0 = Release|ARM
		{F489F13A-C4DC-41C5-AFDC-AD2FCD38733D}.Release|iPhone.ActiveCfg = Release|Any CPU
		{F489F13A-C4DC-41C5-AFDC-AD2FCD38733D}.Release|iPhone.Build.0 = Release|Any CPU
		{F489F13A-C4DC-41C5-AFDC-AD2FCD38733D}.Release|iPhone.Deploy.0 = Release|Any CPU
		{F489F13A-C4DC-41C5-AFDC-AD2FCD38733D}.Release|iPhoneSimulator.ActiveCfg = Release|Any CPU
		{F489F13A-C4DC-41C5-AFDC-AD2FCD38733D}.Release|iPhoneSimulator.Build.0 = Release|Any CPU
		{F489F13A-C4DC-41C5-AFDC-AD2FCD38733D}.Release|iPhoneSimulator.Deploy.0 = Release|Any CPU
		{F489F13A-C4DC-41C5-AFDC-AD2FCD38733D}.Release|x64.ActiveCfg = Release|x64
		{F489F13A-C4DC-41C5-AFDC-AD2FCD38733D}.Release|x64.Build.0 = Release|x64
		{F489F13A-C4DC-41C5-AFDC-AD2FCD38733D}.Release|x64.Deploy.0 = Release|x64
		{F489F13A-C4DC-41C5-AFDC-AD2FCD38733D}.Release|x86.ActiveCfg = Release|x86
		{F489F13A-C4DC-41C5-AFDC-AD2FCD38733D}.Release|x86.Build.0 = Release|x86
		{F489F13A-C4DC-41C5-AFDC-AD2FCD38733D}.Release|x86.Deploy.0 = Release|x86
		{867366AF-D179-46DD-98D1-E37D7E14F31E}.Ad-Hoc|Any CPU.ActiveCfg = Release|Any CPU
		{867366AF-D179-46DD-98D1-E37D7E14F31E}.Ad-Hoc|Any CPU.Build.0 = Release|Any CPU
		{867366AF-D179-46DD-98D1-E37D7E14F31E}.Ad-Hoc|ARM.ActiveCfg = Release|Any CPU
		{867366AF-D179-46DD-98D1-E37D7E14F31E}.Ad-Hoc|ARM.Build.0 = Release|Any CPU
		{867366AF-D179-46DD-98D1-E37D7E14F31E}.Ad-Hoc|iPhone.ActiveCfg = Release|Any CPU
		{867366AF-D179-46DD-98D1-E37D7E14F31E}.Ad-Hoc|iPhone.Build.0 = Release|Any CPU
		{867366AF-D179-46DD-98D1-E37D7E14F31E}.Ad-Hoc|iPhoneSimulator.ActiveCfg = Release|Any CPU
		{867366AF-D179-46DD-98D1-E37D7E14F31E}.Ad-Hoc|iPhoneSimulator.Build.0 = Release|Any CPU
		{867366AF-D179-46DD-98D1-E37D7E14F31E}.Ad-Hoc|x64.ActiveCfg = Release|Any CPU
		{867366AF-D179-46DD-98D1-E37D7E14F31E}.Ad-Hoc|x64.Build.0 = Release|Any CPU
		{867366AF-D179-46DD-98D1-E37D7E14F31E}.Ad-Hoc|x86.ActiveCfg = Release|Any CPU
		{867366AF-D179-46DD-98D1-E37D7E14F31E}.Ad-Hoc|x86.Build.0 = Release|Any CPU
		{867366AF-D179-46DD-98D1-E37D7E14F31E}.AppStore|Any CPU.ActiveCfg = Release|Any CPU
		{867366AF-D179-46DD-98D1-E37D7E14F31E}.AppStore|Any CPU.Build.0 = Release|Any CPU
		{867366AF-D179-46DD-98D1-E37D7E14F31E}.AppStore|ARM.ActiveCfg = Release|Any CPU
		{867366AF-D179-46DD-98D1-E37D7E14F31E}.AppStore|ARM.Build.0 = Release|Any CPU
		{867366AF-D179-46DD-98D1-E37D7E14F31E}.AppStore|iPhone.ActiveCfg = Release|Any CPU
		{867366AF-D179-46DD-98D1-E37D7E14F31E}.AppStore|iPhone.Build.0 = Release|Any CPU
		{867366AF-D179-46DD-98D1-E37D7E14F31E}.AppStore|iPhoneSimulator.ActiveCfg = Release|Any CPU
		{867366AF-D179-46DD-98D1-E37D7E14F31E}.AppStore|iPhoneSimulator.Build.0 = Release|Any CPU
		{867366AF-D179-46DD-98D1-E37D7E14F31E}.AppStore|x64.ActiveCfg = Release|Any CPU
		{867366AF-D179-46DD-98D1-E37D7E14F31E}.AppStore|x64.Build.0 = Release|Any CPU
		{867366AF-D179-46DD-98D1-E37D7E14F31E}.AppStore|x86.ActiveCfg = Release|Any CPU
		{867366AF-D179-46DD-98D1-E37D7E14F31E}.AppStore|x86.Build.0 = Release|Any CPU
		{867366AF-D179-46DD-98D1-E37D7E14F31E}.Debug|Any CPU.ActiveCfg = Debug|Any CPU
		{867366AF-D179-46DD-98D1-E37D7E14F31E}.Debug|Any CPU.Build.0 = Debug|Any CPU
		{867366AF-D179-46DD-98D1-E37D7E14F31E}.Debug|ARM.ActiveCfg = Debug|Any CPU
		{867366AF-D179-46DD-98D1-E37D7E14F31E}.Debug|ARM.Build.0 = Debug|Any CPU
		{867366AF-D179-46DD-98D1-E37D7E14F31E}.Debug|iPhone.ActiveCfg = Debug|Any CPU
		{867366AF-D179-46DD-98D1-E37D7E14F31E}.Debug|iPhone.Build.0 = Debug|Any CPU
		{867366AF-D179-46DD-98D1-E37D7E14F31E}.Debug|iPhoneSimulator.ActiveCfg = Debug|Any CPU
		{867366AF-D179-46DD-98D1-E37D7E14F31E}.Debug|iPhoneSimulator.Build.0 = Debug|Any CPU
		{867366AF-D179-46DD-98D1-E37D7E14F31E}.Debug|x64.ActiveCfg = Debug|Any CPU
		{867366AF-D179-46DD-98D1-E37D7E14F31E}.Debug|x64.Build.0 = Debug|Any CPU
		{867366AF-D179-46DD-98D1-E37D7E14F31E}.Debug|x86.ActiveCfg = Debug|Any CPU
		{867366AF-D179-46DD-98D1-E37D7E14F31E}.Debug|x86.Build.0 = Debug|Any CPU
		{867366AF-D179-46DD-98D1-E37D7E14F31E}.Release|Any CPU.ActiveCfg = Release|Any CPU
		{867366AF-D179-46DD-98D1-E37D7E14F31E}.Release|Any CPU.Build.0 = Release|Any CPU
		{867366AF-D179-46DD-98D1-E37D7E14F31E}.Release|ARM.ActiveCfg = Release|Any CPU
		{867366AF-D179-46DD-98D1-E37D7E14F31E}.Release|ARM.Build.0 = Release|Any CPU
		{867366AF-D179-46DD-98D1-E37D7E14F31E}.Release|iPhone.ActiveCfg = Release|Any CPU
		{867366AF-D179-46DD-98D1-E37D7E14F31E}.Release|iPhone.Build.0 = Release|Any CPU
		{867366AF-D179-46DD-98D1-E37D7E14F31E}.Release|iPhoneSimulator.ActiveCfg = Release|Any CPU
		{867366AF-D179-46DD-98D1-E37D7E14F31E}.Release|iPhoneSimulator.Build.0 = Release|Any CPU
		{867366AF-D179-46DD-98D1-E37D7E14F31E}.Release|x64.ActiveCfg = Release|Any CPU
		{867366AF-D179-46DD-98D1-E37D7E14F31E}.Release|x64.Build.0 = Release|Any CPU
		{867366AF-D179-46DD-98D1-E37D7E14F31E}.Release|x86.ActiveCfg = Release|Any CPU
		{867366AF-D179-46DD-98D1-E37D7E14F31E}.Release|x86.Build.0 = Release|Any CPU
	EndGlobalSection
	GlobalSection(SolutionProperties) = preSolution
		HideSolutionNode = FALSE
	EndGlobalSection
EndGlobal
